
Microsoft Visual Studio Solution File, Format Version 12.00
# Visual Studio Version 16
VisualStudioVersion = 16.0.34031.81
MinimumVisualStudioVersion = 10.0.40219.1
Project("{8BC9CEB8-8B4A-11D0-8D11-00A0C91BC942}") = "Chapter8_01", "Chapter8_01\Chapter8_01.vcxproj", "{34E9995D-434C-4C35-9BB3-E3AAA7BB07BD}"
EndProject
Project("{8BC9CEB8-8B4A-11D0-8D11-00A0C91BC942}") = "Chapter8_02", "Chapter8_02\Chapter8_02.vcxproj", "{3657E6BC-0184-41BF-811C-F4863F07BCE5}"
EndProject
Project("{8BC9CEB8-8B4A-11D0-8D11-00A0C91BC942}") = "Chapter8_03", "Chapter8_03\Chapter8_03.vcxproj", "{818E01AB-8FDD-4ABC-9944-DCBF17C4099D}"
EndProject
Project("{8BC9CEB8-8B4A-11D0-8D11-00A0C91BC942}") = "Chapter8_04", "Chapter8_04\Chapter8_04.vcxproj", "{B0A6A514-D280-4D92-AE55-B2A3148FCCA6}"
EndProject
Project("{8BC9CEB8-8B4A-11D0-8D11-00A0C91BC942}") = "Chapter8_05", "Chapter8_05\Chapter8_05.vcxproj", "{F1CFEA1E-597F-488D-AC6F-61F678DB831F}"
EndProject
Project("{8BC9CEB8-8B4A-11D0-8D11-00A0C91BC942}") = "Chapter8_06", "Chapter8_06\Chapter8_06.vcxproj", "{14C2927F-30BB-4645-812D-901757A1C882}"
EndProject
Project("{8BC9CEB8-8B4A-11D0-8D11-00A0C91BC942}") = "Chapter8_07", "Chapter8_07\Chapter8_07.vcxproj", "{D9EC9181-DC92-49AE-AA18-13DE07CD550C}"
EndProject
Project("{8BC9CEB8-8B4A-11D0-8D11-00A0C91BC942}") = "Chapter8_08", "Chapter8_08\Chapter8_08.vcxproj", "{75927B79-0D2E-4D6F-B67C-ABE9556F671C}"
EndProject
Global
	GlobalSection(SolutionConfigurationPlatforms) = preSolution
		Debug|x64 = Debug|x64
		Debug|x86 = Debug|x86
		Release|x64 = Release|x64
		Release|x86 = Release|x86
	EndGlobalSection
	GlobalSection(ProjectConfigurationPlatforms) = postSolution
		{34E9995D-434C-4C35-9BB3-E3AAA7BB07BD}.Debug|x64.ActiveCfg = Debug|x64
		{34E9995D-434C-4C35-9BB3-E3AAA7BB07BD}.Debug|x64.Build.0 = Debug|x64
		{34E9995D-434C-4C35-9BB3-E3AAA7BB07BD}.Debug|x86.ActiveCfg = Debug|Win32
		{34E9995D-434C-4C35-9BB3-E3AAA7BB07BD}.Debug|x86.Build.0 = Debug|Win32
		{34E9995D-434C-4C35-9BB3-E3AAA7BB07BD}.Release|x64.ActiveCfg = Release|x64
		{34E9995D-434C-4C35-9BB3-E3AAA7BB07BD}.Release|x64.Build.0 = Release|x64
		{34E9995D-434C-4C35-9BB3-E3AAA7BB07BD}.Release|x86.ActiveCfg = Release|Win32
		{34E9995D-434C-4C35-9BB3-E3AAA7BB07BD}.Release|x86.Build.0 = Release|Win32
		{3657E6BC-0184-41BF-811C-F4863F07BCE5}.Debug|x64.ActiveCfg = Debug|x64
		{3657E6BC-0184-41BF-811C-F4863F07BCE5}.Debug|x64.Build.0 = Debug|x64
		{3657E6BC-0184-41BF-811C-F4863F07BCE5}.Debug|x86.ActiveCfg = Debug|Win32
		{3657E6BC-0184-41BF-811C-F4863F07BCE5}.Debug|x86.Build.0 = Debug|Win32
		{3657E6BC-0184-41BF-811C-F4863F07BCE5}.Release|x64.ActiveCfg = Release|x64
		{3657E6BC-0184-41BF-811C-F4863F07BCE5}.Release|x64.Build.0 = Release|x64
		{3657E6BC-0184-41BF-811C-F4863F07BCE5}.Release|x86.ActiveCfg = Release|Win32
		{3657E6BC-0184-41BF-811C-F4863F07BCE5}.Release|x86.Build.0 = Release|Win32
		{818E01AB-8FDD-4ABC-9944-DCBF17C4099D}.Debug|x64.ActiveCfg = Debug|x64
		{818E01AB-8FDD-4ABC-9944-DCBF17C4099D}.Debug|x64.Build.0 = Debug|x64
		{818E01AB-8FDD-4ABC-9944-DCBF17C4099D}.Debug|x86.ActiveCfg = Debug|Win32
		{818E01AB-8FDD-4ABC-9944-DCBF17C4099D}.Debug|x86.Build.0 = Debug|Win32
		{818E01AB-8FDD-4ABC-9944-DCBF17C4099D}.Release|x64.ActiveCfg = Release|x64
		{818E01AB-8FDD-4ABC-9944-DCBF17C4099D}.Release|x64.Build.0 = Release|x64
		{818E01AB-8FDD-4ABC-9944-DCBF17C4099D}.Release|x86.ActiveCfg = Release|Win32
		{818E01AB-8FDD-4ABC-9944-DCBF17C4099D}.Release|x86.Build.0 = Release|Win32
		{B0A6A514-D280-4D92-AE55-B2A3148FCCA6}.Debug|x64.ActiveCfg = Debug|x64
		{B0A6A514-D280-4D92-AE55-B2A3148FCCA6}.Debug|x64.Build.0 = Debug|x64
		{B0A6A514-D280-4D92-AE55-B2A3148FCCA6}.Debug|x86.ActiveCfg = Debug|Win32
		{B0A6A514-D280-4D92-AE55-B2A3148FCCA6}.Debug|x86.Build.0 = Debug|Win32
		{B0A6A514-D280-4D92-AE55-B2A3148FCCA6}.Release|x64.ActiveCfg = Release|x64
		{B0A6A514-D280-4D92-AE55-B2A3148FCCA6}.Release|x64.Build.0 = Release|x64
		{B0A6A514-D280-4D92-AE55-B2A3148FCCA6}.Release|x86.ActiveCfg = Release|Win32
		{B0A6A514-D280-4D92-AE55-B2A3148FCCA6}.Release|x86.Build.0 = Release|Win32
		{F1CFEA1E-597F-488D-AC6F-61F678DB831F}.Debug|x64.ActiveCfg = Debug|x64
		{F1CFEA1E-597F-488D-AC6F-61F678DB831F}.Debug|x64.Build.0 = Debug|x64
		{F1CFEA1E-597F-488D-AC6F-61F678DB831F}.Debug|x86.ActiveCfg = Debug|Win32
		{F1CFEA1E-597F-488D-AC6F-61F678DB831F}.Debug|x86.Build.0 = Debug|Win32
		{F1CFEA1E-597F-488D-AC6F-61F678DB831F}.Release|x64.ActiveCfg = Release|x64
		{F1CFEA1E-597F-488D-AC6F-61F678DB831F}.Release|x64.Build.0 = Release|x64
		{F1CFEA1E-597F-488D-AC6F-61F678DB831F}.Release|x86.ActiveCfg = Release|Win32
		{F1CFEA1E-597F-488D-AC6F-61F678DB831F}.Release|x86.Build.0 = Release|Win32
		{14C2927F-30BB-4645-812D-901757A1C882}.Debug|x64.ActiveCfg = Debug|x64
		{14C2927F-30BB-4645-812D-901757A1C882}.Debug|x64.Build.0 = Debug|x64
		{14C2927F-30BB-4645-812D-901757A1C882}.Debug|x86.ActiveCfg = Debug|Win32
		{14C2927F-30BB-4645-812D-901757A1C882}.Debug|x86.Build.0 = Debug|Win32
		{14C2927F-30BB-4645-812D-901757A1C882}.Release|x64.ActiveCfg = Release|x64
		{14C2927F-30BB-4645-812D-901757A1C882}.Release|x64.Build.0 = Release|x64
		{14C2927F-30BB-4645-812D-901757A1C882}.Release|x86.ActiveCfg = Release|Win32
		{14C2927F-30BB-4645-812D-901757A1C882}.Release|x86.Build.0 = Release|Win32
		{D9EC9181-DC92-49AE-AA18-13DE07CD550C}.Debug|x64.ActiveCfg = Debug|x64
		{D9EC9181-DC92-49AE-AA18-13DE07CD550C}.Debug|x64.Build.0 = Debug|x64
		{D9EC9181-DC92-49AE-AA18-13DE07CD550C}.Debug|x86.ActiveCfg = Debug|Win32
		{D9EC9181-DC92-49AE-AA18-13DE07CD550C}.Debug|x86.Build.0 = Debug|Win32
		{D9EC9181-DC92-49AE-AA18-13DE07CD550C}.Release|x64.ActiveCfg = Release|x64
		{D9EC9181-DC92-49AE-AA18-13DE07CD550C}.Release|x64.Build.0 = Release|x64
		{D9EC9181-DC92-49AE-AA18-13DE07CD550C}.Release|x86.ActiveCfg = Release|Win32
		{D9EC9181-DC92-49AE-AA18-13DE07CD550C}.Release|x86.Build.0 = Release|Win32
		{75927B79-0D2E-4D6F-B67C-ABE9556F671C}.Debug|x64.ActiveCfg = Debug|x64
		{75927B79-0D2E-4D6F-B67C-ABE9556F671C}.Debug|x64.Build.0 = Debug|x64
		{75927B79-0D2E-4D6F-B67C-ABE9556F671C}.Debug|x86.ActiveCfg = Debug|Win32
		{75927B79-0D2E-4D6F-B67C-ABE9556F671C}.Debug|x86.Build.0 = Debug|Win32
		{75927B79-0D2E-4D6F-B67C-ABE9556F671C}.Release|x64.ActiveCfg = Release|x64
		{75927B79-0D2E-4D6F-B67C-ABE9556F671C}.Release|x64.Build.0 = Release|x64
		{75927B79-0D2E-4D6F-B67C-ABE9556F671C}.Release|x86.ActiveCfg = Release|Win32
		{75927B79-0D2E-4D6F-B67C-ABE9556F671C}.Release|x86.Build.0 = Release|Win32
	EndGlobalSection
	GlobalSection(SolutionProperties) = preSolution
		HideSolutionNode = FALSE
	EndGlobalSection
	GlobalSection(ExtensibilityGlobals) = postSolution
		SolutionGuid = {6AE2A98B-0205-4F47-9AC8-A7C57AC3C560}
	EndGlobalSection
EndGlobal
