
Microsoft Visual Studio Solution File, Format Version 12.00
# Visual Studio Version 16
VisualStudioVersion = 16.0.33801.447
MinimumVisualStudioVersion = 10.0.40219.1
Project("{8BC9CEB8-8B4A-11D0-8D11-00A0C91BC942}") = "Chapter1_1", "Chapter1_1\Chapter1_1.vcxproj", "{1D3D32C6-1AC0-433A-B539-027B5D81005F}"
EndProject
Project("{8BC9CEB8-8B4A-11D0-8D11-00A0C91BC942}") = "Chapter1_3", "Chapter1_3\Chapter1_3.vcxproj", "{BBB1D881-17DD-4B85-B272-AB141EA24BE9}"
EndProject
Project("{8BC9CEB8-8B4A-11D0-8D11-00A0C91BC942}") = "Chapter1_5", "Chapter1_5\Chapter1_5.vcxproj", "{1A20D54D-EB5C-473A-BF1F-33ED8C308304}"
EndProject
Project("{8BC9CEB8-8B4A-11D0-8D11-00A0C91BC942}") = "Chapter1_6", "Chapter1_6\Chapter1_6.vcxproj", "{41605306-1FB9-49C0-AF24-9C913076E82F}"
EndProject
Project("{8BC9CEB8-8B4A-11D0-8D11-00A0C91BC942}") = "Chapter1_7", "Chapter1_7\Chapter1_7.vcxproj", "{67405C4C-E29E-4C51-8B6A-C04FAA6CFF55}"
EndProject
Project("{8BC9CEB8-8B4A-11D0-8D11-00A0C91BC942}") = "Chapter1_8", "Chapter1_8\Chapter1_8.vcxproj", "{4D3F7D2A-13DC-4887-8FE1-06D9230B964E}"
EndProject
Project("{8BC9CEB8-8B4A-11D0-8D11-00A0C91BC942}") = "Chapter1_9", "Chapter1_9\Chapter1_9.vcxproj", "{62C01B52-F832-4E82-8916-3890DC60EF6E}"
EndProject
Project("{8BC9CEB8-8B4A-11D0-8D11-00A0C91BC942}") = "Chapter1_10", "Chapter1_10\Chapter1_10.vcxproj", "{F68829F1-C450-4064-B06B-916D6F381DC2}"
EndProject
Project("{8BC9CEB8-8B4A-11D0-8D11-00A0C91BC942}") = "Chapter1_11", "Chapter1_11\Chapter1_11.vcxproj", "{4AEBCF56-9AC4-4F42-B563-F931D0D85A70}"
EndProject
Project("{8BC9CEB8-8B4A-11D0-8D11-00A0C91BC942}") = "Chapter1_12", "Chapter1_12\Chapter1_12.vcxproj", "{3A343049-75D4-4FA6-BB5D-D15E7F79566C}"
EndProject
Project("{8BC9CEB8-8B4A-11D0-8D11-00A0C91BC942}") = "Chapter1_13", "Chapter1_13\Chapter1_13.vcxproj", "{836B84D3-B5C2-442B-A9A7-C950AD355E44}"
EndProject
Project("{8BC9CEB8-8B4A-11D0-8D11-00A0C91BC942}") = "Chapter1_14", "Chapter1_14\Chapter1_14.vcxproj", "{DA6958E8-70FD-468A-84DA-C8A834C47E24}"
EndProject
Project("{8BC9CEB8-8B4A-11D0-8D11-00A0C91BC942}") = "Chapter1_15", "Chapter1_15\Chapter1_15.vcxproj", "{38D5975F-2FF8-4FFF-84C5-1E6AEC10BEF5}"
EndProject
Project("{8BC9CEB8-8B4A-11D0-8D11-00A0C91BC942}") = "Chapter1_16", "Chapter1_16\Chapter1_16.vcxproj", "{FC7111A7-7CD3-416F-BDB7-1CE1CED326D4}"
EndProject
Project("{8BC9CEB8-8B4A-11D0-8D11-00A0C91BC942}") = "Chapter1_17", "Chapter1_17\Chapter1_17.vcxproj", "{BA569553-A943-4A7E-85CF-C8A37260A334}"
EndProject
Project("{8BC9CEB8-8B4A-11D0-8D11-00A0C91BC942}") = "Chapter2_X", "Chapter2_X\Chapter2_X.vcxproj", "{0FD4DED3-31B8-44CB-869E-3AF1F139F53A}"
EndProject
Project("{8BC9CEB8-8B4A-11D0-8D11-00A0C91BC942}") = "Chapter2_5", "Chapter2_5\Chapter2_5.vcxproj", "{23E678E2-95B7-461A-B588-407D92DE90C8}"
EndProject
Project("{8BC9CEB8-8B4A-11D0-8D11-00A0C91BC942}") = "Chapter2_6", "Chapter2_6\Chapter2_6.vcxproj", "{17CB93D1-BE2C-41CB-BF72-AC6C1E13A9F7}"
EndProject
Project("{8BC9CEB8-8B4A-11D0-8D11-00A0C91BC942}") = "Chapter2_7", "Chapter2_7\Chapter2_7.vcxproj", "{70A5D99F-9334-4DF4-A949-F6A11EFFB2CF}"
EndProject
Project("{8BC9CEB8-8B4A-11D0-8D11-00A0C91BC942}") = "Chapter2_8", "Chapter2_8\Chapter2_8.vcxproj", "{624DA8EC-0AC4-45B6-A166-601BDCAEB873}"
EndProject
Project("{8BC9CEB8-8B4A-11D0-8D11-00A0C91BC942}") = "Chapter2_9", "Chapter2_9\Chapter2_9.vcxproj", "{54B454DC-5514-498C-B964-E8E32CDC5327}"
EndProject
Project("{8BC9CEB8-8B4A-11D0-8D11-00A0C91BC942}") = "Chapter3_1", "Chapter3_1\Chapter3_1.vcxproj", "{C9B15710-6568-4097-9070-7C92DBC97A46}"
EndProject
Project("{8BC9CEB8-8B4A-11D0-8D11-00A0C91BC942}") = "Chapter3_2", "Chapter3_2\Chapter3_2.vcxproj", "{2C5222A1-E193-4220-AAE6-68296D18E3A6}"
EndProject
Project("{8BC9CEB8-8B4A-11D0-8D11-00A0C91BC942}") = "Chapter3_3", "Chapter3_3\Chapter3_3.vcxproj", "{6D7DA990-C30D-44E0-9A38-E0C3D22EDBC1}"
EndProject
Project("{8BC9CEB8-8B4A-11D0-8D11-00A0C91BC942}") = "Chapter3_4", "Chapter3_4\Chapter3_4.vcxproj", "{8EB37F17-200C-4018-8FC8-92FEF189A5B4}"
EndProject
Project("{8BC9CEB8-8B4A-11D0-8D11-00A0C91BC942}") = "Chapter3_5", "Chapter3_5\Chapter3_5.vcxproj", "{AB18FD58-D751-40B9-8196-6B05AC88A292}"
EndProject
Project("{8BC9CEB8-8B4A-11D0-8D11-00A0C91BC942}") = "Chapter3_6", "Chapter3_6\Chapter3_6.vcxproj", "{733F9C2F-8B60-4DBA-BEC1-B995EC067ABF}"
EndProject
Project("{8BC9CEB8-8B4A-11D0-8D11-00A0C91BC942}") = "Chapter3_7", "Chapter3_7\Chapter3_7.vcxproj", "{F6D703B3-B31D-4D15-8A9A-47C8A817EA45}"
EndProject
Project("{8BC9CEB8-8B4A-11D0-8D11-00A0C91BC942}") = "Chapter3_8", "Chapter3_8\Chapter3_8.vcxproj", "{F4BF5D3C-242B-4CD7-82BF-B2F94532FA65}"
EndProject
Project("{8BC9CEB8-8B4A-11D0-8D11-00A0C91BC942}") = "Chapter3_9", "Chapter3_9\Chapter3_9.vcxproj", "{07956519-5CC4-4CCC-8637-AA2156F785AD}"
EndProject
Project("{8BC9CEB8-8B4A-11D0-8D11-00A0C91BC942}") = "Chapter4_1", "Chapter4_1\Chapter4_1.vcxproj", "{F0C6A5CB-5C72-49FA-91B6-697852887F0F}"
EndProject
Project("{8BC9CEB8-8B4A-11D0-8D11-00A0C91BC942}") = "Chapter4_2", "Chapter4_2\Chapter4_2.vcxproj", "{A8A0E6AB-CA5B-4157-8B69-726EDE575DE9}"
EndProject
Project("{8BC9CEB8-8B4A-11D0-8D11-00A0C91BC942}") = "Chapter4_3", "Chapter4_3\Chapter4_3.vcxproj", "{98944C95-2B95-4F53-9B5E-4E3C35E758E4}"
EndProject
Project("{8BC9CEB8-8B4A-11D0-8D11-00A0C91BC942}") = "Chapter4_4", "Chapter4_4\Chapter4_4.vcxproj", "{A80B2846-0B65-4789-8377-189B44535966}"
EndProject
Project("{8BC9CEB8-8B4A-11D0-8D11-00A0C91BC942}") = "Chapter4_5", "Chapter4_5\Chapter4_5.vcxproj", "{AAA45DB3-5A46-4217-BA68-4140C81806D2}"
EndProject
Project("{8BC9CEB8-8B4A-11D0-8D11-00A0C91BC942}") = "Chapter4_6", "Chapter4_6\Chapter4_6.vcxproj", "{36B5A13D-5D97-4315-B535-C6A1BDB827CD}"
EndProject
Project("{8BC9CEB8-8B4A-11D0-8D11-00A0C91BC942}") = "Chapter4_7", "Chapter4_7\Chapter4_7.vcxproj", "{87F46A5A-D17B-4657-97A6-44C4946E0C82}"
EndProject
Project("{8BC9CEB8-8B4A-11D0-8D11-00A0C91BC942}") = "Chapter4_8", "Chapter4_8\Chapter4_8.vcxproj", "{A0B2C507-9EDE-44D7-87C6-876A033FA9EE}"
EndProject
Project("{8BC9CEB8-8B4A-11D0-8D11-00A0C91BC942}") = "Chapter4_9", "Chapter4_9\Chapter4_9.vcxproj", "{2EEE3175-7CDC-4F9A-9B81-89C85062933A}"
EndProject
Project("{8BC9CEB8-8B4A-11D0-8D11-00A0C91BC942}") = "Chapter4_10", "Chapter4_10\Chapter4_10.vcxproj", "{41A804C3-6CF1-41EB-AA46-B6261E89B422}"
EndProject
Project("{8BC9CEB8-8B4A-11D0-8D11-00A0C91BC942}") = "Chapter5_01", "Chapter5_01\Chapter5_01.vcxproj", "{26776C7F-95E2-42C4-8980-EDCA1B869129}"
EndProject
Project("{8BC9CEB8-8B4A-11D0-8D11-00A0C91BC942}") = "Chapter5_02", "Chapter5_02\Chapter5_02.vcxproj", "{FC48ED8B-39E9-49B6-A5E2-5EDC17720334}"
EndProject
Project("{8BC9CEB8-8B4A-11D0-8D11-00A0C91BC942}") = "Chapter5_03", "Chapter5_03\Chapter5_03.vcxproj", "{BBA8AE38-A81C-4541-A88F-EF2053DBA2E0}"
EndProject
Project("{8BC9CEB8-8B4A-11D0-8D11-00A0C91BC942}") = "Chapter5_04", "Chapter5_04\Chapter5_04.vcxproj", "{7D0307EB-EBFB-4F1F-A8E3-78A74FB11582}"
EndProject
Project("{8BC9CEB8-8B4A-11D0-8D11-00A0C91BC942}") = "Chapter5_05", "Chapter5_05\Chapter5_05.vcxproj", "{2674EC3E-EFC8-46AA-8116-AA5ED4643F1C}"
EndProject
Project("{8BC9CEB8-8B4A-11D0-8D11-00A0C91BC942}") = "Chapter5_06", "Chapter5_06\Chapter5_06.vcxproj", "{807A510A-225D-4322-91EA-745764CA90E1}"
EndProject
Project("{8BC9CEB8-8B4A-11D0-8D11-00A0C91BC942}") = "Chapter5_07", "Chapter5_07\Chapter5_07.vcxproj", "{D28219D4-6AED-4610-A5E1-639237079B14}"
EndProject
Project("{8BC9CEB8-8B4A-11D0-8D11-00A0C91BC942}") = "Chapter5_08", "Chapter5_08\Chapter5_08.vcxproj", "{8FBA39BC-89F0-4720-89A9-B7CB53778846}"
EndProject
Project("{8BC9CEB8-8B4A-11D0-8D11-00A0C91BC942}") = "Chapter5_09", "Chapter5_09\Chapter5_09.vcxproj", "{CCE7BE18-D550-494A-8D2D-1731A1AD7571}"
EndProject
Project("{8BC9CEB8-8B4A-11D0-8D11-00A0C91BC942}") = "Chapter5_10", "Chapter5_10\Chapter5_10.vcxproj", "{0749DAF4-ABD9-4440-B810-05A38A184AAE}"
EndProject
Project("{8BC9CEB8-8B4A-11D0-8D11-00A0C91BC942}") = "Chapter5_12", "Chapter5_12\Chapter5_12.vcxproj", "{07F51532-87F5-443F-BAEE-0A9194B17912}"
EndProject
Project("{8BC9CEB8-8B4A-11D0-8D11-00A0C91BC942}") = "Chapter6_03", "Chapter6_03\Chapter6_03.vcxproj", "{A64E2557-CAC0-4739-BCE7-901CFE3D8227}"
EndProject
Project("{8BC9CEB8-8B4A-11D0-8D11-00A0C91BC942}") = "Chapter6_04", "Chapter6_04\Chapter6_04.vcxproj", "{2A0C7E8E-2620-4D48-87C8-938967699581}"
EndProject
Project("{8BC9CEB8-8B4A-11D0-8D11-00A0C91BC942}") = "Chapter6_05", "Chapter6_05\Chapter6_05.vcxproj", "{065B8B2B-ACB8-420A-8EB9-B9E7916AA623}"
EndProject
Project("{8BC9CEB8-8B4A-11D0-8D11-00A0C91BC942}") = "Chapter6_06", "Chapter6_06\Chapter6_06.vcxproj", "{45503F15-3B0F-440B-B685-675AF0A1A990}"
EndProject
Project("{8BC9CEB8-8B4A-11D0-8D11-00A0C91BC942}") = "Chapter6_07", "Chapter6_07\Chapter6_07.vcxproj", "{7ED8CC19-3F8E-45B2-952F-BD41D1B3681F}"
EndProject
Project("{8BC9CEB8-8B4A-11D0-8D11-00A0C91BC942}") = "Chapter6_07a", "Chapter6_07a\Chapter6_07a.vcxproj", "{3C0D5992-D767-49ED-853D-1DAE5F6558F0}"
EndProject
Project("{8BC9CEB8-8B4A-11D0-8D11-00A0C91BC942}") = "Chapter6_08", "Chapter6_08\Chapter6_08.vcxproj", "{B74C0C3D-4EAC-4F43-92C4-B7318EB739A7}"
EndProject
Project("{8BC9CEB8-8B4A-11D0-8D11-00A0C91BC942}") = "Chapter6_09", "Chapter6_09\Chapter6_09.vcxproj", "{5854E065-5BAC-46C5-9969-599A969D7AFD}"
EndProject
Project("{8BC9CEB8-8B4A-11D0-8D11-00A0C91BC942}") = "Chapter6_10", "Chapter6_10\Chapter6_10.vcxproj", "{942DB665-0113-44C9-ADB9-2CD9EEA9D06D}"
EndProject
Project("{8BC9CEB8-8B4A-11D0-8D11-00A0C91BC942}") = "Chapter6_11", "Chapter6_11\Chapter6_11.vcxproj", "{F244D916-EAD8-4264-8203-34EEF927C881}"
EndProject
Project("{8BC9CEB8-8B4A-11D0-8D11-00A0C91BC942}") = "Chapter6_12", "Chapter6_12\Chapter6_12.vcxproj", "{555A17EA-4F46-496B-8AB6-2CA39BF8699D}"
EndProject
Project("{8BC9CEB8-8B4A-11D0-8D11-00A0C91BC942}") = "Chapter6_13", "Chapter6_13\Chapter6_13.vcxproj", "{01BC6F3B-B0CA-47E5-8F36-FA8C8431AF58}"
EndProject
Project("{8BC9CEB8-8B4A-11D0-8D11-00A0C91BC942}") = "Chapter6_14", "Chapter6_14\Chapter6_14.vcxproj", "{DDB48E5F-4219-4412-9D0E-8866BD7CBA93}"
EndProject
Global
	GlobalSection(SolutionConfigurationPlatforms) = preSolution
		Debug|x64 = Debug|x64
		Debug|x86 = Debug|x86
		Release|x64 = Release|x64
		Release|x86 = Release|x86
	EndGlobalSection
	GlobalSection(ProjectConfigurationPlatforms) = postSolution
		{1D3D32C6-1AC0-433A-B539-027B5D81005F}.Debug|x64.ActiveCfg = Debug|x64
		{1D3D32C6-1AC0-433A-B539-027B5D81005F}.Debug|x64.Build.0 = Debug|x64
		{1D3D32C6-1AC0-433A-B539-027B5D81005F}.Debug|x86.ActiveCfg = Debug|Win32
		{1D3D32C6-1AC0-433A-B539-027B5D81005F}.Debug|x86.Build.0 = Debug|Win32
		{1D3D32C6-1AC0-433A-B539-027B5D81005F}.Release|x64.ActiveCfg = Release|x64
		{1D3D32C6-1AC0-433A-B539-027B5D81005F}.Release|x64.Build.0 = Release|x64
		{1D3D32C6-1AC0-433A-B539-027B5D81005F}.Release|x86.ActiveCfg = Release|Win32
		{1D3D32C6-1AC0-433A-B539-027B5D81005F}.Release|x86.Build.0 = Release|Win32
		{BBB1D881-17DD-4B85-B272-AB141EA24BE9}.Debug|x64.ActiveCfg = Debug|x64
		{BBB1D881-17DD-4B85-B272-AB141EA24BE9}.Debug|x64.Build.0 = Debug|x64
		{BBB1D881-17DD-4B85-B272-AB141EA24BE9}.Debug|x86.ActiveCfg = Debug|Win32
		{BBB1D881-17DD-4B85-B272-AB141EA24BE9}.Debug|x86.Build.0 = Debug|Win32
		{BBB1D881-17DD-4B85-B272-AB141EA24BE9}.Release|x64.ActiveCfg = Release|x64
		{BBB1D881-17DD-4B85-B272-AB141EA24BE9}.Release|x64.Build.0 = Release|x64
		{BBB1D881-17DD-4B85-B272-AB141EA24BE9}.Release|x86.ActiveCfg = Release|Win32
		{BBB1D881-17DD-4B85-B272-AB141EA24BE9}.Release|x86.Build.0 = Release|Win32
		{1A20D54D-EB5C-473A-BF1F-33ED8C308304}.Debug|x64.ActiveCfg = Debug|x64
		{1A20D54D-EB5C-473A-BF1F-33ED8C308304}.Debug|x64.Build.0 = Debug|x64
		{1A20D54D-EB5C-473A-BF1F-33ED8C308304}.Debug|x86.ActiveCfg = Debug|Win32
		{1A20D54D-EB5C-473A-BF1F-33ED8C308304}.Debug|x86.Build.0 = Debug|Win32
		{1A20D54D-EB5C-473A-BF1F-33ED8C308304}.Release|x64.ActiveCfg = Release|x64
		{1A20D54D-EB5C-473A-BF1F-33ED8C308304}.Release|x64.Build.0 = Release|x64
		{1A20D54D-EB5C-473A-BF1F-33ED8C308304}.Release|x86.ActiveCfg = Release|Win32
		{1A20D54D-EB5C-473A-BF1F-33ED8C308304}.Release|x86.Build.0 = Release|Win32
		{41605306-1FB9-49C0-AF24-9C913076E82F}.Debug|x64.ActiveCfg = Debug|x64
		{41605306-1FB9-49C0-AF24-9C913076E82F}.Debug|x64.Build.0 = Debug|x64
		{41605306-1FB9-49C0-AF24-9C913076E82F}.Debug|x86.ActiveCfg = Debug|Win32
		{41605306-1FB9-49C0-AF24-9C913076E82F}.Debug|x86.Build.0 = Debug|Win32
		{41605306-1FB9-49C0-AF24-9C913076E82F}.Release|x64.ActiveCfg = Release|x64
		{41605306-1FB9-49C0-AF24-9C913076E82F}.Release|x64.Build.0 = Release|x64
		{41605306-1FB9-49C0-AF24-9C913076E82F}.Release|x86.ActiveCfg = Release|Win32
		{41605306-1FB9-49C0-AF24-9C913076E82F}.Release|x86.Build.0 = Release|Win32
		{67405C4C-E29E-4C51-8B6A-C04FAA6CFF55}.Debug|x64.ActiveCfg = Debug|x64
		{67405C4C-E29E-4C51-8B6A-C04FAA6CFF55}.Debug|x64.Build.0 = Debug|x64
		{67405C4C-E29E-4C51-8B6A-C04FAA6CFF55}.Debug|x86.ActiveCfg = Debug|Win32
		{67405C4C-E29E-4C51-8B6A-C04FAA6CFF55}.Debug|x86.Build.0 = Debug|Win32
		{67405C4C-E29E-4C51-8B6A-C04FAA6CFF55}.Release|x64.ActiveCfg = Release|x64
		{67405C4C-E29E-4C51-8B6A-C04FAA6CFF55}.Release|x64.Build.0 = Release|x64
		{67405C4C-E29E-4C51-8B6A-C04FAA6CFF55}.Release|x86.ActiveCfg = Release|Win32
		{67405C4C-E29E-4C51-8B6A-C04FAA6CFF55}.Release|x86.Build.0 = Release|Win32
		{4D3F7D2A-13DC-4887-8FE1-06D9230B964E}.Debug|x64.ActiveCfg = Debug|x64
		{4D3F7D2A-13DC-4887-8FE1-06D9230B964E}.Debug|x64.Build.0 = Debug|x64
		{4D3F7D2A-13DC-4887-8FE1-06D9230B964E}.Debug|x86.ActiveCfg = Debug|Win32
		{4D3F7D2A-13DC-4887-8FE1-06D9230B964E}.Debug|x86.Build.0 = Debug|Win32
		{4D3F7D2A-13DC-4887-8FE1-06D9230B964E}.Release|x64.ActiveCfg = Release|x64
		{4D3F7D2A-13DC-4887-8FE1-06D9230B964E}.Release|x64.Build.0 = Release|x64
		{4D3F7D2A-13DC-4887-8FE1-06D9230B964E}.Release|x86.ActiveCfg = Release|Win32
		{4D3F7D2A-13DC-4887-8FE1-06D9230B964E}.Release|x86.Build.0 = Release|Win32
		{62C01B52-F832-4E82-8916-3890DC60EF6E}.Debug|x64.ActiveCfg = Debug|x64
		{62C01B52-F832-4E82-8916-3890DC60EF6E}.Debug|x64.Build.0 = Debug|x64
		{62C01B52-F832-4E82-8916-3890DC60EF6E}.Debug|x86.ActiveCfg = Debug|Win32
		{62C01B52-F832-4E82-8916-3890DC60EF6E}.Debug|x86.Build.0 = Debug|Win32
		{62C01B52-F832-4E82-8916-3890DC60EF6E}.Release|x64.ActiveCfg = Release|x64
		{62C01B52-F832-4E82-8916-3890DC60EF6E}.Release|x64.Build.0 = Release|x64
		{62C01B52-F832-4E82-8916-3890DC60EF6E}.Release|x86.ActiveCfg = Release|Win32
		{62C01B52-F832-4E82-8916-3890DC60EF6E}.Release|x86.Build.0 = Release|Win32
		{F68829F1-C450-4064-B06B-916D6F381DC2}.Debug|x64.ActiveCfg = Debug|x64
		{F68829F1-C450-4064-B06B-916D6F381DC2}.Debug|x64.Build.0 = Debug|x64
		{F68829F1-C450-4064-B06B-916D6F381DC2}.Debug|x86.ActiveCfg = Debug|Win32
		{F68829F1-C450-4064-B06B-916D6F381DC2}.Debug|x86.Build.0 = Debug|Win32
		{F68829F1-C450-4064-B06B-916D6F381DC2}.Release|x64.ActiveCfg = Release|x64
		{F68829F1-C450-4064-B06B-916D6F381DC2}.Release|x64.Build.0 = Release|x64
		{F68829F1-C450-4064-B06B-916D6F381DC2}.Release|x86.ActiveCfg = Release|Win32
		{F68829F1-C450-4064-B06B-916D6F381DC2}.Release|x86.Build.0 = Release|Win32
		{4AEBCF56-9AC4-4F42-B563-F931D0D85A70}.Debug|x64.ActiveCfg = Debug|x64
		{4AEBCF56-9AC4-4F42-B563-F931D0D85A70}.Debug|x64.Build.0 = Debug|x64
		{4AEBCF56-9AC4-4F42-B563-F931D0D85A70}.Debug|x86.ActiveCfg = Debug|Win32
		{4AEBCF56-9AC4-4F42-B563-F931D0D85A70}.Debug|x86.Build.0 = Debug|Win32
		{4AEBCF56-9AC4-4F42-B563-F931D0D85A70}.Release|x64.ActiveCfg = Release|x64
		{4AEBCF56-9AC4-4F42-B563-F931D0D85A70}.Release|x64.Build.0 = Release|x64
		{4AEBCF56-9AC4-4F42-B563-F931D0D85A70}.Release|x86.ActiveCfg = Release|Win32
		{4AEBCF56-9AC4-4F42-B563-F931D0D85A70}.Release|x86.Build.0 = Release|Win32
		{3A343049-75D4-4FA6-BB5D-D15E7F79566C}.Debug|x64.ActiveCfg = Debug|x64
		{3A343049-75D4-4FA6-BB5D-D15E7F79566C}.Debug|x64.Build.0 = Debug|x64
		{3A343049-75D4-4FA6-BB5D-D15E7F79566C}.Debug|x86.ActiveCfg = Debug|Win32
		{3A343049-75D4-4FA6-BB5D-D15E7F79566C}.Debug|x86.Build.0 = Debug|Win32
		{3A343049-75D4-4FA6-BB5D-D15E7F79566C}.Release|x64.ActiveCfg = Release|x64
		{3A343049-75D4-4FA6-BB5D-D15E7F79566C}.Release|x64.Build.0 = Release|x64
		{3A343049-75D4-4FA6-BB5D-D15E7F79566C}.Release|x86.ActiveCfg = Release|Win32
		{3A343049-75D4-4FA6-BB5D-D15E7F79566C}.Release|x86.Build.0 = Release|Win32
		{836B84D3-B5C2-442B-A9A7-C950AD355E44}.Debug|x64.ActiveCfg = Debug|x64
		{836B84D3-B5C2-442B-A9A7-C950AD355E44}.Debug|x64.Build.0 = Debug|x64
		{836B84D3-B5C2-442B-A9A7-C950AD355E44}.Debug|x86.ActiveCfg = Debug|Win32
		{836B84D3-B5C2-442B-A9A7-C950AD355E44}.Debug|x86.Build.0 = Debug|Win32
		{836B84D3-B5C2-442B-A9A7-C950AD355E44}.Release|x64.ActiveCfg = Release|x64
		{836B84D3-B5C2-442B-A9A7-C950AD355E44}.Release|x64.Build.0 = Release|x64
		{836B84D3-B5C2-442B-A9A7-C950AD355E44}.Release|x86.ActiveCfg = Release|Win32
		{836B84D3-B5C2-442B-A9A7-C950AD355E44}.Release|x86.Build.0 = Release|Win32
		{DA6958E8-70FD-468A-84DA-C8A834C47E24}.Debug|x64.ActiveCfg = Debug|x64
		{DA6958E8-70FD-468A-84DA-C8A834C47E24}.Debug|x64.Build.0 = Debug|x64
		{DA6958E8-70FD-468A-84DA-C8A834C47E24}.Debug|x86.ActiveCfg = Debug|Win32
		{DA6958E8-70FD-468A-84DA-C8A834C47E24}.Debug|x86.Build.0 = Debug|Win32
		{DA6958E8-70FD-468A-84DA-C8A834C47E24}.Release|x64.ActiveCfg = Release|x64
		{DA6958E8-70FD-468A-84DA-C8A834C47E24}.Release|x64.Build.0 = Release|x64
		{DA6958E8-70FD-468A-84DA-C8A834C47E24}.Release|x86.ActiveCfg = Release|Win32
		{DA6958E8-70FD-468A-84DA-C8A834C47E24}.Release|x86.Build.0 = Release|Win32
		{38D5975F-2FF8-4FFF-84C5-1E6AEC10BEF5}.Debug|x64.ActiveCfg = Debug|x64
		{38D5975F-2FF8-4FFF-84C5-1E6AEC10BEF5}.Debug|x64.Build.0 = Debug|x64
		{38D5975F-2FF8-4FFF-84C5-1E6AEC10BEF5}.Debug|x86.ActiveCfg = Debug|Win32
		{38D5975F-2FF8-4FFF-84C5-1E6AEC10BEF5}.Debug|x86.Build.0 = Debug|Win32
		{38D5975F-2FF8-4FFF-84C5-1E6AEC10BEF5}.Release|x64.ActiveCfg = Release|x64
		{38D5975F-2FF8-4FFF-84C5-1E6AEC10BEF5}.Release|x64.Build.0 = Release|x64
		{38D5975F-2FF8-4FFF-84C5-1E6AEC10BEF5}.Release|x86.ActiveCfg = Release|Win32
		{38D5975F-2FF8-4FFF-84C5-1E6AEC10BEF5}.Release|x86.Build.0 = Release|Win32
		{FC7111A7-7CD3-416F-BDB7-1CE1CED326D4}.Debug|x64.ActiveCfg = Debug|x64
		{FC7111A7-7CD3-416F-BDB7-1CE1CED326D4}.Debug|x64.Build.0 = Debug|x64
		{FC7111A7-7CD3-416F-BDB7-1CE1CED326D4}.Debug|x86.ActiveCfg = Debug|Win32
		{FC7111A7-7CD3-416F-BDB7-1CE1CED326D4}.Debug|x86.Build.0 = Debug|Win32
		{FC7111A7-7CD3-416F-BDB7-1CE1CED326D4}.Release|x64.ActiveCfg = Release|x64
		{FC7111A7-7CD3-416F-BDB7-1CE1CED326D4}.Release|x64.Build.0 = Release|x64
		{FC7111A7-7CD3-416F-BDB7-1CE1CED326D4}.Release|x86.ActiveCfg = Release|Win32
		{FC7111A7-7CD3-416F-BDB7-1CE1CED326D4}.Release|x86.Build.0 = Release|Win32
		{BA569553-A943-4A7E-85CF-C8A37260A334}.Debug|x64.ActiveCfg = Debug|x64
		{BA569553-A943-4A7E-85CF-C8A37260A334}.Debug|x64.Build.0 = Debug|x64
		{BA569553-A943-4A7E-85CF-C8A37260A334}.Debug|x86.ActiveCfg = Debug|Win32
		{BA569553-A943-4A7E-85CF-C8A37260A334}.Debug|x86.Build.0 = Debug|Win32
		{BA569553-A943-4A7E-85CF-C8A37260A334}.Release|x64.ActiveCfg = Release|x64
		{BA569553-A943-4A7E-85CF-C8A37260A334}.Release|x64.Build.0 = Release|x64
		{BA569553-A943-4A7E-85CF-C8A37260A334}.Release|x86.ActiveCfg = Release|Win32
		{BA569553-A943-4A7E-85CF-C8A37260A334}.Release|x86.Build.0 = Release|Win32
		{0FD4DED3-31B8-44CB-869E-3AF1F139F53A}.Debug|x64.ActiveCfg = Debug|x64
		{0FD4DED3-31B8-44CB-869E-3AF1F139F53A}.Debug|x64.Build.0 = Debug|x64
		{0FD4DED3-31B8-44CB-869E-3AF1F139F53A}.Debug|x86.ActiveCfg = Debug|Win32
		{0FD4DED3-31B8-44CB-869E-3AF1F139F53A}.Debug|x86.Build.0 = Debug|Win32
		{0FD4DED3-31B8-44CB-869E-3AF1F139F53A}.Release|x64.ActiveCfg = Release|x64
		{0FD4DED3-31B8-44CB-869E-3AF1F139F53A}.Release|x64.Build.0 = Release|x64
		{0FD4DED3-31B8-44CB-869E-3AF1F139F53A}.Release|x86.ActiveCfg = Release|Win32
		{0FD4DED3-31B8-44CB-869E-3AF1F139F53A}.Release|x86.Build.0 = Release|Win32
		{23E678E2-95B7-461A-B588-407D92DE90C8}.Debug|x64.ActiveCfg = Debug|x64
		{23E678E2-95B7-461A-B588-407D92DE90C8}.Debug|x64.Build.0 = Debug|x64
		{23E678E2-95B7-461A-B588-407D92DE90C8}.Debug|x86.ActiveCfg = Debug|Win32
		{23E678E2-95B7-461A-B588-407D92DE90C8}.Debug|x86.Build.0 = Debug|Win32
		{23E678E2-95B7-461A-B588-407D92DE90C8}.Release|x64.ActiveCfg = Release|x64
		{23E678E2-95B7-461A-B588-407D92DE90C8}.Release|x64.Build.0 = Release|x64
		{23E678E2-95B7-461A-B588-407D92DE90C8}.Release|x86.ActiveCfg = Release|Win32
		{23E678E2-95B7-461A-B588-407D92DE90C8}.Release|x86.Build.0 = Release|Win32
		{17CB93D1-BE2C-41CB-BF72-AC6C1E13A9F7}.Debug|x64.ActiveCfg = Debug|x64
		{17CB93D1-BE2C-41CB-BF72-AC6C1E13A9F7}.Debug|x64.Build.0 = Debug|x64
		{17CB93D1-BE2C-41CB-BF72-AC6C1E13A9F7}.Debug|x86.ActiveCfg = Debug|Win32
		{17CB93D1-BE2C-41CB-BF72-AC6C1E13A9F7}.Debug|x86.Build.0 = Debug|Win32
		{17CB93D1-BE2C-41CB-BF72-AC6C1E13A9F7}.Release|x64.ActiveCfg = Release|x64
		{17CB93D1-BE2C-41CB-BF72-AC6C1E13A9F7}.Release|x64.Build.0 = Release|x64
		{17CB93D1-BE2C-41CB-BF72-AC6C1E13A9F7}.Release|x86.ActiveCfg = Release|Win32
		{17CB93D1-BE2C-41CB-BF72-AC6C1E13A9F7}.Release|x86.Build.0 = Release|Win32
		{70A5D99F-9334-4DF4-A949-F6A11EFFB2CF}.Debug|x64.ActiveCfg = Debug|x64
		{70A5D99F-9334-4DF4-A949-F6A11EFFB2CF}.Debug|x64.Build.0 = Debug|x64
		{70A5D99F-9334-4DF4-A949-F6A11EFFB2CF}.Debug|x86.ActiveCfg = Debug|Win32
		{70A5D99F-9334-4DF4-A949-F6A11EFFB2CF}.Debug|x86.Build.0 = Debug|Win32
		{70A5D99F-9334-4DF4-A949-F6A11EFFB2CF}.Release|x64.ActiveCfg = Release|x64
		{70A5D99F-9334-4DF4-A949-F6A11EFFB2CF}.Release|x64.Build.0 = Release|x64
		{70A5D99F-9334-4DF4-A949-F6A11EFFB2CF}.Release|x86.ActiveCfg = Release|Win32
		{70A5D99F-9334-4DF4-A949-F6A11EFFB2CF}.Release|x86.Build.0 = Release|Win32
		{624DA8EC-0AC4-45B6-A166-601BDCAEB873}.Debug|x64.ActiveCfg = Debug|x64
		{624DA8EC-0AC4-45B6-A166-601BDCAEB873}.Debug|x64.Build.0 = Debug|x64
		{624DA8EC-0AC4-45B6-A166-601BDCAEB873}.Debug|x86.ActiveCfg = Debug|Win32
		{624DA8EC-0AC4-45B6-A166-601BDCAEB873}.Debug|x86.Build.0 = Debug|Win32
		{624DA8EC-0AC4-45B6-A166-601BDCAEB873}.Release|x64.ActiveCfg = Release|x64
		{624DA8EC-0AC4-45B6-A166-601BDCAEB873}.Release|x64.Build.0 = Release|x64
		{624DA8EC-0AC4-45B6-A166-601BDCAEB873}.Release|x86.ActiveCfg = Release|Win32
		{624DA8EC-0AC4-45B6-A166-601BDCAEB873}.Release|x86.Build.0 = Release|Win32
		{54B454DC-5514-498C-B964-E8E32CDC5327}.Debug|x64.ActiveCfg = Debug|x64
		{54B454DC-5514-498C-B964-E8E32CDC5327}.Debug|x64.Build.0 = Debug|x64
		{54B454DC-5514-498C-B964-E8E32CDC5327}.Debug|x86.ActiveCfg = Debug|Win32
		{54B454DC-5514-498C-B964-E8E32CDC5327}.Debug|x86.Build.0 = Debug|Win32
		{54B454DC-5514-498C-B964-E8E32CDC5327}.Release|x64.ActiveCfg = Release|x64
		{54B454DC-5514-498C-B964-E8E32CDC5327}.Release|x64.Build.0 = Release|x64
		{54B454DC-5514-498C-B964-E8E32CDC5327}.Release|x86.ActiveCfg = Release|Win32
		{54B454DC-5514-498C-B964-E8E32CDC5327}.Release|x86.Build.0 = Release|Win32
		{C9B15710-6568-4097-9070-7C92DBC97A46}.Debug|x64.ActiveCfg = Debug|x64
		{C9B15710-6568-4097-9070-7C92DBC97A46}.Debug|x64.Build.0 = Debug|x64
		{C9B15710-6568-4097-9070-7C92DBC97A46}.Debug|x86.ActiveCfg = Debug|Win32
		{C9B15710-6568-4097-9070-7C92DBC97A46}.Debug|x86.Build.0 = Debug|Win32
		{C9B15710-6568-4097-9070-7C92DBC97A46}.Release|x64.ActiveCfg = Release|x64
		{C9B15710-6568-4097-9070-7C92DBC97A46}.Release|x64.Build.0 = Release|x64
		{C9B15710-6568-4097-9070-7C92DBC97A46}.Release|x86.ActiveCfg = Release|Win32
		{C9B15710-6568-4097-9070-7C92DBC97A46}.Release|x86.Build.0 = Release|Win32
		{2C5222A1-E193-4220-AAE6-68296D18E3A6}.Debug|x64.ActiveCfg = Debug|x64
		{2C5222A1-E193-4220-AAE6-68296D18E3A6}.Debug|x64.Build.0 = Debug|x64
		{2C5222A1-E193-4220-AAE6-68296D18E3A6}.Debug|x86.ActiveCfg = Debug|Win32
		{2C5222A1-E193-4220-AAE6-68296D18E3A6}.Debug|x86.Build.0 = Debug|Win32
		{2C5222A1-E193-4220-AAE6-68296D18E3A6}.Release|x64.ActiveCfg = Release|x64
		{2C5222A1-E193-4220-AAE6-68296D18E3A6}.Release|x64.Build.0 = Release|x64
		{2C5222A1-E193-4220-AAE6-68296D18E3A6}.Release|x86.ActiveCfg = Release|Win32
		{2C5222A1-E193-4220-AAE6-68296D18E3A6}.Release|x86.Build.0 = Release|Win32
		{6D7DA990-C30D-44E0-9A38-E0C3D22EDBC1}.Debug|x64.ActiveCfg = Debug|x64
		{6D7DA990-C30D-44E0-9A38-E0C3D22EDBC1}.Debug|x64.Build.0 = Debug|x64
		{6D7DA990-C30D-44E0-9A38-E0C3D22EDBC1}.Debug|x86.ActiveCfg = Debug|Win32
		{6D7DA990-C30D-44E0-9A38-E0C3D22EDBC1}.Debug|x86.Build.0 = Debug|Win32
		{6D7DA990-C30D-44E0-9A38-E0C3D22EDBC1}.Release|x64.ActiveCfg = Release|x64
		{6D7DA990-C30D-44E0-9A38-E0C3D22EDBC1}.Release|x64.Build.0 = Release|x64
		{6D7DA990-C30D-44E0-9A38-E0C3D22EDBC1}.Release|x86.ActiveCfg = Release|Win32
		{6D7DA990-C30D-44E0-9A38-E0C3D22EDBC1}.Release|x86.Build.0 = Release|Win32
		{8EB37F17-200C-4018-8FC8-92FEF189A5B4}.Debug|x64.ActiveCfg = Debug|x64
		{8EB37F17-200C-4018-8FC8-92FEF189A5B4}.Debug|x64.Build.0 = Debug|x64
		{8EB37F17-200C-4018-8FC8-92FEF189A5B4}.Debug|x86.ActiveCfg = Debug|Win32
		{8EB37F17-200C-4018-8FC8-92FEF189A5B4}.Debug|x86.Build.0 = Debug|Win32
		{8EB37F17-200C-4018-8FC8-92FEF189A5B4}.Release|x64.ActiveCfg = Release|x64
		{8EB37F17-200C-4018-8FC8-92FEF189A5B4}.Release|x64.Build.0 = Release|x64
		{8EB37F17-200C-4018-8FC8-92FEF189A5B4}.Release|x86.ActiveCfg = Release|Win32
		{8EB37F17-200C-4018-8FC8-92FEF189A5B4}.Release|x86.Build.0 = Release|Win32
		{AB18FD58-D751-40B9-8196-6B05AC88A292}.Debug|x64.ActiveCfg = Debug|x64
		{AB18FD58-D751-40B9-8196-6B05AC88A292}.Debug|x64.Build.0 = Debug|x64
		{AB18FD58-D751-40B9-8196-6B05AC88A292}.Debug|x86.ActiveCfg = Debug|Win32
		{AB18FD58-D751-40B9-8196-6B05AC88A292}.Debug|x86.Build.0 = Debug|Win32
		{AB18FD58-D751-40B9-8196-6B05AC88A292}.Release|x64.ActiveCfg = Release|x64
		{AB18FD58-D751-40B9-8196-6B05AC88A292}.Release|x64.Build.0 = Release|x64
		{AB18FD58-D751-40B9-8196-6B05AC88A292}.Release|x86.ActiveCfg = Release|Win32
		{AB18FD58-D751-40B9-8196-6B05AC88A292}.Release|x86.Build.0 = Release|Win32
		{733F9C2F-8B60-4DBA-BEC1-B995EC067ABF}.Debug|x64.ActiveCfg = Debug|x64
		{733F9C2F-8B60-4DBA-BEC1-B995EC067ABF}.Debug|x64.Build.0 = Debug|x64
		{733F9C2F-8B60-4DBA-BEC1-B995EC067ABF}.Debug|x86.ActiveCfg = Debug|Win32
		{733F9C2F-8B60-4DBA-BEC1-B995EC067ABF}.Debug|x86.Build.0 = Debug|Win32
		{733F9C2F-8B60-4DBA-BEC1-B995EC067ABF}.Release|x64.ActiveCfg = Release|x64
		{733F9C2F-8B60-4DBA-BEC1-B995EC067ABF}.Release|x64.Build.0 = Release|x64
		{733F9C2F-8B60-4DBA-BEC1-B995EC067ABF}.Release|x86.ActiveCfg = Release|Win32
		{733F9C2F-8B60-4DBA-BEC1-B995EC067ABF}.Release|x86.Build.0 = Release|Win32
		{F6D703B3-B31D-4D15-8A9A-47C8A817EA45}.Debug|x64.ActiveCfg = Debug|x64
		{F6D703B3-B31D-4D15-8A9A-47C8A817EA45}.Debug|x64.Build.0 = Debug|x64
		{F6D703B3-B31D-4D15-8A9A-47C8A817EA45}.Debug|x86.ActiveCfg = Debug|Win32
		{F6D703B3-B31D-4D15-8A9A-47C8A817EA45}.Debug|x86.Build.0 = Debug|Win32
		{F6D703B3-B31D-4D15-8A9A-47C8A817EA45}.Release|x64.ActiveCfg = Release|x64
		{F6D703B3-B31D-4D15-8A9A-47C8A817EA45}.Release|x64.Build.0 = Release|x64
		{F6D703B3-B31D-4D15-8A9A-47C8A817EA45}.Release|x86.ActiveCfg = Release|Win32
		{F6D703B3-B31D-4D15-8A9A-47C8A817EA45}.Release|x86.Build.0 = Release|Win32
		{F4BF5D3C-242B-4CD7-82BF-B2F94532FA65}.Debug|x64.ActiveCfg = Debug|x64
		{F4BF5D3C-242B-4CD7-82BF-B2F94532FA65}.Debug|x64.Build.0 = Debug|x64
		{F4BF5D3C-242B-4CD7-82BF-B2F94532FA65}.Debug|x86.ActiveCfg = Debug|Win32
		{F4BF5D3C-242B-4CD7-82BF-B2F94532FA65}.Debug|x86.Build.0 = Debug|Win32
		{F4BF5D3C-242B-4CD7-82BF-B2F94532FA65}.Release|x64.ActiveCfg = Release|x64
		{F4BF5D3C-242B-4CD7-82BF-B2F94532FA65}.Release|x64.Build.0 = Release|x64
		{F4BF5D3C-242B-4CD7-82BF-B2F94532FA65}.Release|x86.ActiveCfg = Release|Win32
		{F4BF5D3C-242B-4CD7-82BF-B2F94532FA65}.Release|x86.Build.0 = Release|Win32
		{07956519-5CC4-4CCC-8637-AA2156F785AD}.Debug|x64.ActiveCfg = Debug|x64
		{07956519-5CC4-4CCC-8637-AA2156F785AD}.Debug|x64.Build.0 = Debug|x64
		{07956519-5CC4-4CCC-8637-AA2156F785AD}.Debug|x86.ActiveCfg = Debug|Win32
		{07956519-5CC4-4CCC-8637-AA2156F785AD}.Debug|x86.Build.0 = Debug|Win32
		{07956519-5CC4-4CCC-8637-AA2156F785AD}.Release|x64.ActiveCfg = Release|x64
		{07956519-5CC4-4CCC-8637-AA2156F785AD}.Release|x64.Build.0 = Release|x64
		{07956519-5CC4-4CCC-8637-AA2156F785AD}.Release|x86.ActiveCfg = Release|Win32
		{07956519-5CC4-4CCC-8637-AA2156F785AD}.Release|x86.Build.0 = Release|Win32
		{F0C6A5CB-5C72-49FA-91B6-697852887F0F}.Debug|x64.ActiveCfg = Debug|x64
		{F0C6A5CB-5C72-49FA-91B6-697852887F0F}.Debug|x64.Build.0 = Debug|x64
		{F0C6A5CB-5C72-49FA-91B6-697852887F0F}.Debug|x86.ActiveCfg = Debug|Win32
		{F0C6A5CB-5C72-49FA-91B6-697852887F0F}.Debug|x86.Build.0 = Debug|Win32
		{F0C6A5CB-5C72-49FA-91B6-697852887F0F}.Release|x64.ActiveCfg = Release|x64
		{F0C6A5CB-5C72-49FA-91B6-697852887F0F}.Release|x64.Build.0 = Release|x64
		{F0C6A5CB-5C72-49FA-91B6-697852887F0F}.Release|x86.ActiveCfg = Release|Win32
		{F0C6A5CB-5C72-49FA-91B6-697852887F0F}.Release|x86.Build.0 = Release|Win32
		{A8A0E6AB-CA5B-4157-8B69-726EDE575DE9}.Debug|x64.ActiveCfg = Debug|x64
		{A8A0E6AB-CA5B-4157-8B69-726EDE575DE9}.Debug|x64.Build.0 = Debug|x64
		{A8A0E6AB-CA5B-4157-8B69-726EDE575DE9}.Debug|x86.ActiveCfg = Debug|Win32
		{A8A0E6AB-CA5B-4157-8B69-726EDE575DE9}.Debug|x86.Build.0 = Debug|Win32
		{A8A0E6AB-CA5B-4157-8B69-726EDE575DE9}.Release|x64.ActiveCfg = Release|x64
		{A8A0E6AB-CA5B-4157-8B69-726EDE575DE9}.Release|x64.Build.0 = Release|x64
		{A8A0E6AB-CA5B-4157-8B69-726EDE575DE9}.Release|x86.ActiveCfg = Release|Win32
		{A8A0E6AB-CA5B-4157-8B69-726EDE575DE9}.Release|x86.Build.0 = Release|Win32
		{98944C95-2B95-4F53-9B5E-4E3C35E758E4}.Debug|x64.ActiveCfg = Debug|x64
		{98944C95-2B95-4F53-9B5E-4E3C35E758E4}.Debug|x64.Build.0 = Debug|x64
		{98944C95-2B95-4F53-9B5E-4E3C35E758E4}.Debug|x86.ActiveCfg = Debug|Win32
		{98944C95-2B95-4F53-9B5E-4E3C35E758E4}.Debug|x86.Build.0 = Debug|Win32
		{98944C95-2B95-4F53-9B5E-4E3C35E758E4}.Release|x64.ActiveCfg = Release|x64
		{98944C95-2B95-4F53-9B5E-4E3C35E758E4}.Release|x64.Build.0 = Release|x64
		{98944C95-2B95-4F53-9B5E-4E3C35E758E4}.Release|x86.ActiveCfg = Release|Win32
		{98944C95-2B95-4F53-9B5E-4E3C35E758E4}.Release|x86.Build.0 = Release|Win32
		{A80B2846-0B65-4789-8377-189B44535966}.Debug|x64.ActiveCfg = Debug|x64
		{A80B2846-0B65-4789-8377-189B44535966}.Debug|x64.Build.0 = Debug|x64
		{A80B2846-0B65-4789-8377-189B44535966}.Debug|x86.ActiveCfg = Debug|Win32
		{A80B2846-0B65-4789-8377-189B44535966}.Debug|x86.Build.0 = Debug|Win32
		{A80B2846-0B65-4789-8377-189B44535966}.Release|x64.ActiveCfg = Release|x64
		{A80B2846-0B65-4789-8377-189B44535966}.Release|x64.Build.0 = Release|x64
		{A80B2846-0B65-4789-8377-189B44535966}.Release|x86.ActiveCfg = Release|Win32
		{A80B2846-0B65-4789-8377-189B44535966}.Release|x86.Build.0 = Release|Win32
		{AAA45DB3-5A46-4217-BA68-4140C81806D2}.Debug|x64.ActiveCfg = Debug|x64
		{AAA45DB3-5A46-4217-BA68-4140C81806D2}.Debug|x64.Build.0 = Debug|x64
		{AAA45DB3-5A46-4217-BA68-4140C81806D2}.Debug|x86.ActiveCfg = Debug|Win32
		{AAA45DB3-5A46-4217-BA68-4140C81806D2}.Debug|x86.Build.0 = Debug|Win32
		{AAA45DB3-5A46-4217-BA68-4140C81806D2}.Release|x64.ActiveCfg = Release|x64
		{AAA45DB3-5A46-4217-BA68-4140C81806D2}.Release|x64.Build.0 = Release|x64
		{AAA45DB3-5A46-4217-BA68-4140C81806D2}.Release|x86.ActiveCfg = Release|Win32
		{AAA45DB3-5A46-4217-BA68-4140C81806D2}.Release|x86.Build.0 = Release|Win32
		{36B5A13D-5D97-4315-B535-C6A1BDB827CD}.Debug|x64.ActiveCfg = Debug|x64
		{36B5A13D-5D97-4315-B535-C6A1BDB827CD}.Debug|x64.Build.0 = Debug|x64
		{36B5A13D-5D97-4315-B535-C6A1BDB827CD}.Debug|x86.ActiveCfg = Debug|Win32
		{36B5A13D-5D97-4315-B535-C6A1BDB827CD}.Debug|x86.Build.0 = Debug|Win32
		{36B5A13D-5D97-4315-B535-C6A1BDB827CD}.Release|x64.ActiveCfg = Release|x64
		{36B5A13D-5D97-4315-B535-C6A1BDB827CD}.Release|x64.Build.0 = Release|x64
		{36B5A13D-5D97-4315-B535-C6A1BDB827CD}.Release|x86.ActiveCfg = Release|Win32
		{36B5A13D-5D97-4315-B535-C6A1BDB827CD}.Release|x86.Build.0 = Release|Win32
		{87F46A5A-D17B-4657-97A6-44C4946E0C82}.Debug|x64.ActiveCfg = Debug|x64
		{87F46A5A-D17B-4657-97A6-44C4946E0C82}.Debug|x64.Build.0 = Debug|x64
		{87F46A5A-D17B-4657-97A6-44C4946E0C82}.Debug|x86.ActiveCfg = Debug|Win32
		{87F46A5A-D17B-4657-97A6-44C4946E0C82}.Debug|x86.Build.0 = Debug|Win32
		{87F46A5A-D17B-4657-97A6-44C4946E0C82}.Release|x64.ActiveCfg = Release|x64
		{87F46A5A-D17B-4657-97A6-44C4946E0C82}.Release|x64.Build.0 = Release|x64
		{87F46A5A-D17B-4657-97A6-44C4946E0C82}.Release|x86.ActiveCfg = Release|Win32
		{87F46A5A-D17B-4657-97A6-44C4946E0C82}.Release|x86.Build.0 = Release|Win32
		{A0B2C507-9EDE-44D7-87C6-876A033FA9EE}.Debug|x64.ActiveCfg = Debug|x64
		{A0B2C507-9EDE-44D7-87C6-876A033FA9EE}.Debug|x64.Build.0 = Debug|x64
		{A0B2C507-9EDE-44D7-87C6-876A033FA9EE}.Debug|x86.ActiveCfg = Debug|Win32
		{A0B2C507-9EDE-44D7-87C6-876A033FA9EE}.Debug|x86.Build.0 = Debug|Win32
		{A0B2C507-9EDE-44D7-87C6-876A033FA9EE}.Release|x64.ActiveCfg = Release|x64
		{A0B2C507-9EDE-44D7-87C6-876A033FA9EE}.Release|x64.Build.0 = Release|x64
		{A0B2C507-9EDE-44D7-87C6-876A033FA9EE}.Release|x86.ActiveCfg = Release|Win32
		{A0B2C507-9EDE-44D7-87C6-876A033FA9EE}.Release|x86.Build.0 = Release|Win32
		{2EEE3175-7CDC-4F9A-9B81-89C85062933A}.Debug|x64.ActiveCfg = Debug|x64
		{2EEE3175-7CDC-4F9A-9B81-89C85062933A}.Debug|x64.Build.0 = Debug|x64
		{2EEE3175-7CDC-4F9A-9B81-89C85062933A}.Debug|x86.ActiveCfg = Debug|Win32
		{2EEE3175-7CDC-4F9A-9B81-89C85062933A}.Debug|x86.Build.0 = Debug|Win32
		{2EEE3175-7CDC-4F9A-9B81-89C85062933A}.Release|x64.ActiveCfg = Release|x64
		{2EEE3175-7CDC-4F9A-9B81-89C85062933A}.Release|x64.Build.0 = Release|x64
		{2EEE3175-7CDC-4F9A-9B81-89C85062933A}.Release|x86.ActiveCfg = Release|Win32
		{2EEE3175-7CDC-4F9A-9B81-89C85062933A}.Release|x86.Build.0 = Release|Win32
		{41A804C3-6CF1-41EB-AA46-B6261E89B422}.Debug|x64.ActiveCfg = Debug|x64
		{41A804C3-6CF1-41EB-AA46-B6261E89B422}.Debug|x64.Build.0 = Debug|x64
		{41A804C3-6CF1-41EB-AA46-B6261E89B422}.Debug|x86.ActiveCfg = Debug|Win32
		{41A804C3-6CF1-41EB-AA46-B6261E89B422}.Debug|x86.Build.0 = Debug|Win32
		{41A804C3-6CF1-41EB-AA46-B6261E89B422}.Release|x64.ActiveCfg = Release|x64
		{41A804C3-6CF1-41EB-AA46-B6261E89B422}.Release|x64.Build.0 = Release|x64
		{41A804C3-6CF1-41EB-AA46-B6261E89B422}.Release|x86.ActiveCfg = Release|Win32
		{41A804C3-6CF1-41EB-AA46-B6261E89B422}.Release|x86.Build.0 = Release|Win32
		{26776C7F-95E2-42C4-8980-EDCA1B869129}.Debug|x64.ActiveCfg = Debug|x64
		{26776C7F-95E2-42C4-8980-EDCA1B869129}.Debug|x64.Build.0 = Debug|x64
		{26776C7F-95E2-42C4-8980-EDCA1B869129}.Debug|x86.ActiveCfg = Debug|Win32
		{26776C7F-95E2-42C4-8980-EDCA1B869129}.Debug|x86.Build.0 = Debug|Win32
		{26776C7F-95E2-42C4-8980-EDCA1B869129}.Release|x64.ActiveCfg = Release|x64
		{26776C7F-95E2-42C4-8980-EDCA1B869129}.Release|x64.Build.0 = Release|x64
		{26776C7F-95E2-42C4-8980-EDCA1B869129}.Release|x86.ActiveCfg = Release|Win32
		{26776C7F-95E2-42C4-8980-EDCA1B869129}.Release|x86.Build.0 = Release|Win32
		{FC48ED8B-39E9-49B6-A5E2-5EDC17720334}.Debug|x64.ActiveCfg = Debug|x64
		{FC48ED8B-39E9-49B6-A5E2-5EDC17720334}.Debug|x64.Build.0 = Debug|x64
		{FC48ED8B-39E9-49B6-A5E2-5EDC17720334}.Debug|x86.ActiveCfg = Debug|Win32
		{FC48ED8B-39E9-49B6-A5E2-5EDC17720334}.Debug|x86.Build.0 = Debug|Win32
		{FC48ED8B-39E9-49B6-A5E2-5EDC17720334}.Release|x64.ActiveCfg = Release|x64
		{FC48ED8B-39E9-49B6-A5E2-5EDC17720334}.Release|x64.Build.0 = Release|x64
		{FC48ED8B-39E9-49B6-A5E2-5EDC17720334}.Release|x86.ActiveCfg = Release|Win32
		{FC48ED8B-39E9-49B6-A5E2-5EDC17720334}.Release|x86.Build.0 = Release|Win32
		{BBA8AE38-A81C-4541-A88F-EF2053DBA2E0}.Debug|x64.ActiveCfg = Debug|x64
		{BBA8AE38-A81C-4541-A88F-EF2053DBA2E0}.Debug|x64.Build.0 = Debug|x64
		{BBA8AE38-A81C-4541-A88F-EF2053DBA2E0}.Debug|x86.ActiveCfg = Debug|Win32
		{BBA8AE38-A81C-4541-A88F-EF2053DBA2E0}.Debug|x86.Build.0 = Debug|Win32
		{BBA8AE38-A81C-4541-A88F-EF2053DBA2E0}.Release|x64.ActiveCfg = Release|x64
		{BBA8AE38-A81C-4541-A88F-EF2053DBA2E0}.Release|x64.Build.0 = Release|x64
		{BBA8AE38-A81C-4541-A88F-EF2053DBA2E0}.Release|x86.ActiveCfg = Release|Win32
		{BBA8AE38-A81C-4541-A88F-EF2053DBA2E0}.Release|x86.Build.0 = Release|Win32
		{7D0307EB-EBFB-4F1F-A8E3-78A74FB11582}.Debug|x64.ActiveCfg = Debug|x64
		{7D0307EB-EBFB-4F1F-A8E3-78A74FB11582}.Debug|x64.Build.0 = Debug|x64
		{7D0307EB-EBFB-4F1F-A8E3-78A74FB11582}.Debug|x86.ActiveCfg = Debug|Win32
		{7D0307EB-EBFB-4F1F-A8E3-78A74FB11582}.Debug|x86.Build.0 = Debug|Win32
		{7D0307EB-EBFB-4F1F-A8E3-78A74FB11582}.Release|x64.ActiveCfg = Release|x64
		{7D0307EB-EBFB-4F1F-A8E3-78A74FB11582}.Release|x64.Build.0 = Release|x64
		{7D0307EB-EBFB-4F1F-A8E3-78A74FB11582}.Release|x86.ActiveCfg = Release|Win32
		{7D0307EB-EBFB-4F1F-A8E3-78A74FB11582}.Release|x86.Build.0 = Release|Win32
		{2674EC3E-EFC8-46AA-8116-AA5ED4643F1C}.Debug|x64.ActiveCfg = Debug|x64
		{2674EC3E-EFC8-46AA-8116-AA5ED4643F1C}.Debug|x64.Build.0 = Debug|x64
		{2674EC3E-EFC8-46AA-8116-AA5ED4643F1C}.Debug|x86.ActiveCfg = Debug|Win32
		{2674EC3E-EFC8-46AA-8116-AA5ED4643F1C}.Debug|x86.Build.0 = Debug|Win32
		{2674EC3E-EFC8-46AA-8116-AA5ED4643F1C}.Release|x64.ActiveCfg = Release|x64
		{2674EC3E-EFC8-46AA-8116-AA5ED4643F1C}.Release|x64.Build.0 = Release|x64
		{2674EC3E-EFC8-46AA-8116-AA5ED4643F1C}.Release|x86.ActiveCfg = Release|Win32
		{2674EC3E-EFC8-46AA-8116-AA5ED4643F1C}.Release|x86.Build.0 = Release|Win32
		{807A510A-225D-4322-91EA-745764CA90E1}.Debug|x64.ActiveCfg = Debug|x64
		{807A510A-225D-4322-91EA-745764CA90E1}.Debug|x64.Build.0 = Debug|x64
		{807A510A-225D-4322-91EA-745764CA90E1}.Debug|x86.ActiveCfg = Debug|Win32
		{807A510A-225D-4322-91EA-745764CA90E1}.Debug|x86.Build.0 = Debug|Win32
		{807A510A-225D-4322-91EA-745764CA90E1}.Release|x64.ActiveCfg = Release|x64
		{807A510A-225D-4322-91EA-745764CA90E1}.Release|x64.Build.0 = Release|x64
		{807A510A-225D-4322-91EA-745764CA90E1}.Release|x86.ActiveCfg = Release|Win32
		{807A510A-225D-4322-91EA-745764CA90E1}.Release|x86.Build.0 = Release|Win32
		{D28219D4-6AED-4610-A5E1-639237079B14}.Debug|x64.ActiveCfg = Debug|x64
		{D28219D4-6AED-4610-A5E1-639237079B14}.Debug|x64.Build.0 = Debug|x64
		{D28219D4-6AED-4610-A5E1-639237079B14}.Debug|x86.ActiveCfg = Debug|Win32
		{D28219D4-6AED-4610-A5E1-639237079B14}.Debug|x86.Build.0 = Debug|Win32
		{D28219D4-6AED-4610-A5E1-639237079B14}.Release|x64.ActiveCfg = Release|x64
		{D28219D4-6AED-4610-A5E1-639237079B14}.Release|x64.Build.0 = Release|x64
		{D28219D4-6AED-4610-A5E1-639237079B14}.Release|x86.ActiveCfg = Release|Win32
		{D28219D4-6AED-4610-A5E1-639237079B14}.Release|x86.Build.0 = Release|Win32
		{8FBA39BC-89F0-4720-89A9-B7CB53778846}.Debug|x64.ActiveCfg = Debug|x64
		{8FBA39BC-89F0-4720-89A9-B7CB53778846}.Debug|x64.Build.0 = Debug|x64
		{8FBA39BC-89F0-4720-89A9-B7CB53778846}.Debug|x86.ActiveCfg = Debug|Win32
		{8FBA39BC-89F0-4720-89A9-B7CB53778846}.Debug|x86.Build.0 = Debug|Win32
		{8FBA39BC-89F0-4720-89A9-B7CB53778846}.Release|x64.ActiveCfg = Release|x64
		{8FBA39BC-89F0-4720-89A9-B7CB53778846}.Release|x64.Build.0 = Release|x64
		{8FBA39BC-89F0-4720-89A9-B7CB53778846}.Release|x86.ActiveCfg = Release|Win32
		{8FBA39BC-89F0-4720-89A9-B7CB53778846}.Release|x86.Build.0 = Release|Win32
		{CCE7BE18-D550-494A-8D2D-1731A1AD7571}.Debug|x64.ActiveCfg = Debug|x64
		{CCE7BE18-D550-494A-8D2D-1731A1AD7571}.Debug|x64.Build.0 = Debug|x64
		{CCE7BE18-D550-494A-8D2D-1731A1AD7571}.Debug|x86.ActiveCfg = Debug|Win32
		{CCE7BE18-D550-494A-8D2D-1731A1AD7571}.Debug|x86.Build.0 = Debug|Win32
		{CCE7BE18-D550-494A-8D2D-1731A1AD7571}.Release|x64.ActiveCfg = Release|x64
		{CCE7BE18-D550-494A-8D2D-1731A1AD7571}.Release|x64.Build.0 = Release|x64
		{CCE7BE18-D550-494A-8D2D-1731A1AD7571}.Release|x86.ActiveCfg = Release|Win32
		{CCE7BE18-D550-494A-8D2D-1731A1AD7571}.Release|x86.Build.0 = Release|Win32
		{0749DAF4-ABD9-4440-B810-05A38A184AAE}.Debug|x64.ActiveCfg = Debug|x64
		{0749DAF4-ABD9-4440-B810-05A38A184AAE}.Debug|x64.Build.0 = Debug|x64
		{0749DAF4-ABD9-4440-B810-05A38A184AAE}.Debug|x86.ActiveCfg = Debug|Win32
		{0749DAF4-ABD9-4440-B810-05A38A184AAE}.Debug|x86.Build.0 = Debug|Win32
		{0749DAF4-ABD9-4440-B810-05A38A184AAE}.Release|x64.ActiveCfg = Release|x64
		{0749DAF4-ABD9-4440-B810-05A38A184AAE}.Release|x64.Build.0 = Release|x64
		{0749DAF4-ABD9-4440-B810-05A38A184AAE}.Release|x86.ActiveCfg = Release|Win32
		{0749DAF4-ABD9-4440-B810-05A38A184AAE}.Release|x86.Build.0 = Release|Win32
		{07F51532-87F5-443F-BAEE-0A9194B17912}.Debug|x64.ActiveCfg = Debug|x64
		{07F51532-87F5-443F-BAEE-0A9194B17912}.Debug|x64.Build.0 = Debug|x64
		{07F51532-87F5-443F-BAEE-0A9194B17912}.Debug|x86.ActiveCfg = Debug|Win32
		{07F51532-87F5-443F-BAEE-0A9194B17912}.Debug|x86.Build.0 = Debug|Win32
		{07F51532-87F5-443F-BAEE-0A9194B17912}.Release|x64.ActiveCfg = Release|x64
		{07F51532-87F5-443F-BAEE-0A9194B17912}.Release|x64.Build.0 = Release|x64
		{07F51532-87F5-443F-BAEE-0A9194B17912}.Release|x86.ActiveCfg = Release|Win32
		{07F51532-87F5-443F-BAEE-0A9194B17912}.Release|x86.Build.0 = Release|Win32
		{A64E2557-CAC0-4739-BCE7-901CFE3D8227}.Debug|x64.ActiveCfg = Debug|x64
		{A64E2557-CAC0-4739-BCE7-901CFE3D8227}.Debug|x64.Build.0 = Debug|x64
		{A64E2557-CAC0-4739-BCE7-901CFE3D8227}.Debug|x86.ActiveCfg = Debug|Win32
		{A64E2557-CAC0-4739-BCE7-901CFE3D8227}.Debug|x86.Build.0 = Debug|Win32
		{A64E2557-CAC0-4739-BCE7-901CFE3D8227}.Release|x64.ActiveCfg = Release|x64
		{A64E2557-CAC0-4739-BCE7-901CFE3D8227}.Release|x64.Build.0 = Release|x64
		{A64E2557-CAC0-4739-BCE7-901CFE3D8227}.Release|x86.ActiveCfg = Release|Win32
		{A64E2557-CAC0-4739-BCE7-901CFE3D8227}.Release|x86.Build.0 = Release|Win32
		{2A0C7E8E-2620-4D48-87C8-938967699581}.Debug|x64.ActiveCfg = Debug|x64
		{2A0C7E8E-2620-4D48-87C8-938967699581}.Debug|x64.Build.0 = Debug|x64
		{2A0C7E8E-2620-4D48-87C8-938967699581}.Debug|x86.ActiveCfg = Debug|Win32
		{2A0C7E8E-2620-4D48-87C8-938967699581}.Debug|x86.Build.0 = Debug|Win32
		{2A0C7E8E-2620-4D48-87C8-938967699581}.Release|x64.ActiveCfg = Release|x64
		{2A0C7E8E-2620-4D48-87C8-938967699581}.Release|x64.Build.0 = Release|x64
		{2A0C7E8E-2620-4D48-87C8-938967699581}.Release|x86.ActiveCfg = Release|Win32
		{2A0C7E8E-2620-4D48-87C8-938967699581}.Release|x86.Build.0 = Release|Win32
		{065B8B2B-ACB8-420A-8EB9-B9E7916AA623}.Debug|x64.ActiveCfg = Debug|x64
		{065B8B2B-ACB8-420A-8EB9-B9E7916AA623}.Debug|x64.Build.0 = Debug|x64
		{065B8B2B-ACB8-420A-8EB9-B9E7916AA623}.Debug|x86.ActiveCfg = Debug|Win32
		{065B8B2B-ACB8-420A-8EB9-B9E7916AA623}.Debug|x86.Build.0 = Debug|Win32
		{065B8B2B-ACB8-420A-8EB9-B9E7916AA623}.Release|x64.ActiveCfg = Release|x64
		{065B8B2B-ACB8-420A-8EB9-B9E7916AA623}.Release|x64.Build.0 = Release|x64
		{065B8B2B-ACB8-420A-8EB9-B9E7916AA623}.Release|x86.ActiveCfg = Release|Win32
		{065B8B2B-ACB8-420A-8EB9-B9E7916AA623}.Release|x86.Build.0 = Release|Win32
		{45503F15-3B0F-440B-B685-675AF0A1A990}.Debug|x64.ActiveCfg = Debug|x64
		{45503F15-3B0F-440B-B685-675AF0A1A990}.Debug|x64.Build.0 = Debug|x64
		{45503F15-3B0F-440B-B685-675AF0A1A990}.Debug|x86.ActiveCfg = Debug|Win32
		{45503F15-3B0F-440B-B685-675AF0A1A990}.Debug|x86.Build.0 = Debug|Win32
		{45503F15-3B0F-440B-B685-675AF0A1A990}.Release|x64.ActiveCfg = Release|x64
		{45503F15-3B0F-440B-B685-675AF0A1A990}.Release|x64.Build.0 = Release|x64
		{45503F15-3B0F-440B-B685-675AF0A1A990}.Release|x86.ActiveCfg = Release|Win32
		{45503F15-3B0F-440B-B685-675AF0A1A990}.Release|x86.Build.0 = Release|Win32
		{7ED8CC19-3F8E-45B2-952F-BD41D1B3681F}.Debug|x64.ActiveCfg = Debug|x64
		{7ED8CC19-3F8E-45B2-952F-BD41D1B3681F}.Debug|x64.Build.0 = Debug|x64
		{7ED8CC19-3F8E-45B2-952F-BD41D1B3681F}.Debug|x86.ActiveCfg = Debug|Win32
		{7ED8CC19-3F8E-45B2-952F-BD41D1B3681F}.Debug|x86.Build.0 = Debug|Win32
		{7ED8CC19-3F8E-45B2-952F-BD41D1B3681F}.Release|x64.ActiveCfg = Release|x64
		{7ED8CC19-3F8E-45B2-952F-BD41D1B3681F}.Release|x64.Build.0 = Release|x64
		{7ED8CC19-3F8E-45B2-952F-BD41D1B3681F}.Release|x86.ActiveCfg = Release|Win32
		{7ED8CC19-3F8E-45B2-952F-BD41D1B3681F}.Release|x86.Build.0 = Release|Win32
		{3C0D5992-D767-49ED-853D-1DAE5F6558F0}.Debug|x64.ActiveCfg = Debug|x64
		{3C0D5992-D767-49ED-853D-1DAE5F6558F0}.Debug|x64.Build.0 = Debug|x64
		{3C0D5992-D767-49ED-853D-1DAE5F6558F0}.Debug|x86.ActiveCfg = Debug|Win32
		{3C0D5992-D767-49ED-853D-1DAE5F6558F0}.Debug|x86.Build.0 = Debug|Win32
		{3C0D5992-D767-49ED-853D-1DAE5F6558F0}.Release|x64.ActiveCfg = Release|x64
		{3C0D5992-D767-49ED-853D-1DAE5F6558F0}.Release|x64.Build.0 = Release|x64
		{3C0D5992-D767-49ED-853D-1DAE5F6558F0}.Release|x86.ActiveCfg = Release|Win32
		{3C0D5992-D767-49ED-853D-1DAE5F6558F0}.Release|x86.Build.0 = Release|Win32
		{B74C0C3D-4EAC-4F43-92C4-B7318EB739A7}.Debug|x64.ActiveCfg = Debug|x64
		{B74C0C3D-4EAC-4F43-92C4-B7318EB739A7}.Debug|x64.Build.0 = Debug|x64
		{B74C0C3D-4EAC-4F43-92C4-B7318EB739A7}.Debug|x86.ActiveCfg = Debug|Win32
		{B74C0C3D-4EAC-4F43-92C4-B7318EB739A7}.Debug|x86.Build.0 = Debug|Win32
		{B74C0C3D-4EAC-4F43-92C4-B7318EB739A7}.Release|x64.ActiveCfg = Release|x64
		{B74C0C3D-4EAC-4F43-92C4-B7318EB739A7}.Release|x64.Build.0 = Release|x64
		{B74C0C3D-4EAC-4F43-92C4-B7318EB739A7}.Release|x86.ActiveCfg = Release|Win32
		{B74C0C3D-4EAC-4F43-92C4-B7318EB739A7}.Release|x86.Build.0 = Release|Win32
		{5854E065-5BAC-46C5-9969-599A969D7AFD}.Debug|x64.ActiveCfg = Debug|x64
		{5854E065-5BAC-46C5-9969-599A969D7AFD}.Debug|x64.Build.0 = Debug|x64
		{5854E065-5BAC-46C5-9969-599A969D7AFD}.Debug|x86.ActiveCfg = Debug|Win32
		{5854E065-5BAC-46C5-9969-599A969D7AFD}.Debug|x86.Build.0 = Debug|Win32
		{5854E065-5BAC-46C5-9969-599A969D7AFD}.Release|x64.ActiveCfg = Release|x64
		{5854E065-5BAC-46C5-9969-599A969D7AFD}.Release|x64.Build.0 = Release|x64
		{5854E065-5BAC-46C5-9969-599A969D7AFD}.Release|x86.ActiveCfg = Release|Win32
		{5854E065-5BAC-46C5-9969-599A969D7AFD}.Release|x86.Build.0 = Release|Win32
		{942DB665-0113-44C9-ADB9-2CD9EEA9D06D}.Debug|x64.ActiveCfg = Debug|x64
		{942DB665-0113-44C9-ADB9-2CD9EEA9D06D}.Debug|x64.Build.0 = Debug|x64
		{942DB665-0113-44C9-ADB9-2CD9EEA9D06D}.Debug|x86.ActiveCfg = Debug|Win32
		{942DB665-0113-44C9-ADB9-2CD9EEA9D06D}.Debug|x86.Build.0 = Debug|Win32
		{942DB665-0113-44C9-ADB9-2CD9EEA9D06D}.Release|x64.ActiveCfg = Release|x64
		{942DB665-0113-44C9-ADB9-2CD9EEA9D06D}.Release|x64.Build.0 = Release|x64
		{942DB665-0113-44C9-ADB9-2CD9EEA9D06D}.Release|x86.ActiveCfg = Release|Win32
		{942DB665-0113-44C9-ADB9-2CD9EEA9D06D}.Release|x86.Build.0 = Release|Win32
		{F244D916-EAD8-4264-8203-34EEF927C881}.Debug|x64.ActiveCfg = Debug|x64
		{F244D916-EAD8-4264-8203-34EEF927C881}.Debug|x64.Build.0 = Debug|x64
		{F244D916-EAD8-4264-8203-34EEF927C881}.Debug|x86.ActiveCfg = Debug|Win32
		{F244D916-EAD8-4264-8203-34EEF927C881}.Debug|x86.Build.0 = Debug|Win32
		{F244D916-EAD8-4264-8203-34EEF927C881}.Release|x64.ActiveCfg = Release|x64
		{F244D916-EAD8-4264-8203-34EEF927C881}.Release|x64.Build.0 = Release|x64
		{F244D916-EAD8-4264-8203-34EEF927C881}.Release|x86.ActiveCfg = Release|Win32
		{F244D916-EAD8-4264-8203-34EEF927C881}.Release|x86.Build.0 = Release|Win32
		{555A17EA-4F46-496B-8AB6-2CA39BF8699D}.Debug|x64.ActiveCfg = Debug|x64
		{555A17EA-4F46-496B-8AB6-2CA39BF8699D}.Debug|x64.Build.0 = Debug|x64
		{555A17EA-4F46-496B-8AB6-2CA39BF8699D}.Debug|x86.ActiveCfg = Debug|Win32
		{555A17EA-4F46-496B-8AB6-2CA39BF8699D}.Debug|x86.Build.0 = Debug|Win32
		{555A17EA-4F46-496B-8AB6-2CA39BF8699D}.Release|x64.ActiveCfg = Release|x64
		{555A17EA-4F46-496B-8AB6-2CA39BF8699D}.Release|x64.Build.0 = Release|x64
		{555A17EA-4F46-496B-8AB6-2CA39BF8699D}.Release|x86.ActiveCfg = Release|Win32
		{555A17EA-4F46-496B-8AB6-2CA39BF8699D}.Release|x86.Build.0 = Release|Win32
		{01BC6F3B-B0CA-47E5-8F36-FA8C8431AF58}.Debug|x64.ActiveCfg = Debug|x64
		{01BC6F3B-B0CA-47E5-8F36-FA8C8431AF58}.Debug|x64.Build.0 = Debug|x64
		{01BC6F3B-B0CA-47E5-8F36-FA8C8431AF58}.Debug|x86.ActiveCfg = Debug|Win32
		{01BC6F3B-B0CA-47E5-8F36-FA8C8431AF58}.Debug|x86.Build.0 = Debug|Win32
		{01BC6F3B-B0CA-47E5-8F36-FA8C8431AF58}.Release|x64.ActiveCfg = Release|x64
		{01BC6F3B-B0CA-47E5-8F36-FA8C8431AF58}.Release|x64.Build.0 = Release|x64
		{01BC6F3B-B0CA-47E5-8F36-FA8C8431AF58}.Release|x86.ActiveCfg = Release|Win32
		{01BC6F3B-B0CA-47E5-8F36-FA8C8431AF58}.Release|x86.Build.0 = Release|Win32
		{DDB48E5F-4219-4412-9D0E-8866BD7CBA93}.Debug|x64.ActiveCfg = Debug|x64
		{DDB48E5F-4219-4412-9D0E-8866BD7CBA93}.Debug|x64.Build.0 = Debug|x64
		{DDB48E5F-4219-4412-9D0E-8866BD7CBA93}.Debug|x86.ActiveCfg = Debug|Win32
		{DDB48E5F-4219-4412-9D0E-8866BD7CBA93}.Debug|x86.Build.0 = Debug|Win32
		{DDB48E5F-4219-4412-9D0E-8866BD7CBA93}.Release|x64.ActiveCfg = Release|x64
		{DDB48E5F-4219-4412-9D0E-8866BD7CBA93}.Release|x64.Build.0 = Release|x64
		{DDB48E5F-4219-4412-9D0E-8866BD7CBA93}.Release|x86.ActiveCfg = Release|Win32
		{DDB48E5F-4219-4412-9D0E-8866BD7CBA93}.Release|x86.Build.0 = Release|Win32
	EndGlobalSection
	GlobalSection(SolutionProperties) = preSolution
		HideSolutionNode = FALSE
	EndGlobalSection
	GlobalSection(ExtensibilityGlobals) = postSolution
		SolutionGuid = {E4C36730-051E-4EB0-9EAB-ED3075AA2CC3}
	EndGlobalSection
EndGlobal
