
Microsoft Visual Studio Solution File, Format Version 12.00
# Visual Studio Version 16
VisualStudioVersion = 16.0.33801.447
MinimumVisualStudioVersion = 10.0.40219.1
Project("{8BC9CEB8-8B4A-11D0-8D11-00A0C91BC942}") = "Chapter1_1", "Chapter1_1\Chapter1_1.vcxproj", "{1D3D32C6-1AC0-433A-B539-027B5D81005F}"
EndProject
Project("{8BC9CEB8-8B4A-11D0-8D11-00A0C91BC942}") = "Chapter1_3", "Chapter1_3\Chapter1_3.vcxproj", "{BBB1D881-17DD-4B85-B272-AB141EA24BE9}"
EndProject
Global
	GlobalSection(SolutionConfigurationPlatforms) = preSolution
		Debug|x64 = Debug|x64
		Debug|x86 = Debug|x86
		Release|x64 = Release|x64
		Release|x86 = Release|x86
	EndGlobalSection
	GlobalSection(ProjectConfigurationPlatforms) = postSolution
		{1D3D32C6-1AC0-433A-B539-027B5D81005F}.Debug|x64.ActiveCfg = Debug|x64
		{1D3D32C6-1AC0-433A-B539-027B5D81005F}.Debug|x64.Build.0 = Debug|x64
		{1D3D32C6-1AC0-433A-B539-027B5D81005F}.Debug|x86.ActiveCfg = Debug|Win32
		{1D3D32C6-1AC0-433A-B539-027B5D81005F}.Debug|x86.Build.0 = Debug|Win32
		{1D3D32C6-1AC0-433A-B539-027B5D81005F}.Release|x64.ActiveCfg = Release|x64
		{1D3D32C6-1AC0-433A-B539-027B5D81005F}.Release|x64.Build.0 = Release|x64
		{1D3D32C6-1AC0-433A-B539-027B5D81005F}.Release|x86.ActiveCfg = Release|Win32
		{1D3D32C6-1AC0-433A-B539-027B5D81005F}.Release|x86.Build.0 = Release|Win32
		{BBB1D881-17DD-4B85-B272-AB141EA24BE9}.Debug|x64.ActiveCfg = Debug|x64
		{BBB1D881-17DD-4B85-B272-AB141EA24BE9}.Debug|x64.Build.0 = Debug|x64
		{BBB1D881-17DD-4B85-B272-AB141EA24BE9}.Debug|x86.ActiveCfg = Debug|Win32
		{BBB1D881-17DD-4B85-B272-AB141EA24BE9}.Debug|x86.Build.0 = Debug|Win32
		{BBB1D881-17DD-4B85-B272-AB141EA24BE9}.Release|x64.ActiveCfg = Release|x64
		{BBB1D881-17DD-4B85-B272-AB141EA24BE9}.Release|x64.Build.0 = Release|x64
		{BBB1D881-17DD-4B85-B272-AB141EA24BE9}.Release|x86.ActiveCfg = Release|Win32
		{BBB1D881-17DD-4B85-B272-AB141EA24BE9}.Release|x86.Build.0 = Release|Win32
	EndGlobalSection
	GlobalSection(SolutionProperties) = preSolution
		HideSolutionNode = FALSE
	EndGlobalSection
	GlobalSection(ExtensibilityGlobals) = postSolution
		SolutionGuid = {E4C36730-051E-4EB0-9EAB-ED3075AA2CC3}
	EndGlobalSection
EndGlobal
