
Microsoft Visual Studio Solution File, Format Version 12.00
# Visual Studio Version 16
VisualStudioVersion = 16.0.33801.447
MinimumVisualStudioVersion = 10.0.40219.1
Project("{8BC9CEB8-8B4A-11D0-8D11-00A0C91BC942}") = "Chapter1_1", "Chapter1_1\Chapter1_1.vcxproj", "{1D3D32C6-1AC0-433A-B539-027B5D81005F}"
EndProject
Project("{8BC9CEB8-8B4A-11D0-8D11-00A0C91BC942}") = "Chapter1_3", "Chapter1_3\Chapter1_3.vcxproj", "{BBB1D881-17DD-4B85-B272-AB141EA24BE9}"
EndProject
Project("{8BC9CEB8-8B4A-11D0-8D11-00A0C91BC942}") = "Chapter1_5", "Chapter1_5\Chapter1_5.vcxproj", "{1A20D54D-EB5C-473A-BF1F-33ED8C308304}"
EndProject
Project("{8BC9CEB8-8B4A-11D0-8D11-00A0C91BC942}") = "Chapter1_6", "Chapter1_6\Chapter1_6.vcxproj", "{41605306-1FB9-49C0-AF24-9C913076E82F}"
EndProject
Project("{8BC9CEB8-8B4A-11D0-8D11-00A0C91BC942}") = "Chapter1_7", "Chapter1_7\Chapter1_7.vcxproj", "{67405C4C-E29E-4C51-8B6A-C04FAA6CFF55}"
EndProject
Project("{8BC9CEB8-8B4A-11D0-8D11-00A0C91BC942}") = "Chapter1_8", "Chapter1_8\Chapter1_8.vcxproj", "{4D3F7D2A-13DC-4887-8FE1-06D9230B964E}"
EndProject
Project("{8BC9CEB8-8B4A-11D0-8D11-00A0C91BC942}") = "Chapter1_9", "Chapter1_9\Chapter1_9.vcxproj", "{62C01B52-F832-4E82-8916-3890DC60EF6E}"
EndProject
Project("{8BC9CEB8-8B4A-11D0-8D11-00A0C91BC942}") = "Chapter1_10", "Chapter1_10\Chapter1_10.vcxproj", "{F68829F1-C450-4064-B06B-916D6F381DC2}"
EndProject
Project("{8BC9CEB8-8B4A-11D0-8D11-00A0C91BC942}") = "Chapter1_11", "Chapter1_11\Chapter1_11.vcxproj", "{4AEBCF56-9AC4-4F42-B563-F931D0D85A70}"
EndProject
Project("{8BC9CEB8-8B4A-11D0-8D11-00A0C91BC942}") = "Chapter1_12", "Chapter1_12\Chapter1_12.vcxproj", "{3A343049-75D4-4FA6-BB5D-D15E7F79566C}"
EndProject
Global
	GlobalSection(SolutionConfigurationPlatforms) = preSolution
		Debug|x64 = Debug|x64
		Debug|x86 = Debug|x86
		Release|x64 = Release|x64
		Release|x86 = Release|x86
	EndGlobalSection
	GlobalSection(ProjectConfigurationPlatforms) = postSolution
		{1D3D32C6-1AC0-433A-B539-027B5D81005F}.Debug|x64.ActiveCfg = Debug|x64
		{1D3D32C6-1AC0-433A-B539-027B5D81005F}.Debug|x64.Build.0 = Debug|x64
		{1D3D32C6-1AC0-433A-B539-027B5D81005F}.Debug|x86.ActiveCfg = Debug|Win32
		{1D3D32C6-1AC0-433A-B539-027B5D81005F}.Debug|x86.Build.0 = Debug|Win32
		{1D3D32C6-1AC0-433A-B539-027B5D81005F}.Release|x64.ActiveCfg = Release|x64
		{1D3D32C6-1AC0-433A-B539-027B5D81005F}.Release|x64.Build.0 = Release|x64
		{1D3D32C6-1AC0-433A-B539-027B5D81005F}.Release|x86.ActiveCfg = Release|Win32
		{1D3D32C6-1AC0-433A-B539-027B5D81005F}.Release|x86.Build.0 = Release|Win32
		{BBB1D881-17DD-4B85-B272-AB141EA24BE9}.Debug|x64.ActiveCfg = Debug|x64
		{BBB1D881-17DD-4B85-B272-AB141EA24BE9}.Debug|x64.Build.0 = Debug|x64
		{BBB1D881-17DD-4B85-B272-AB141EA24BE9}.Debug|x86.ActiveCfg = Debug|Win32
		{BBB1D881-17DD-4B85-B272-AB141EA24BE9}.Debug|x86.Build.0 = Debug|Win32
		{BBB1D881-17DD-4B85-B272-AB141EA24BE9}.Release|x64.ActiveCfg = Release|x64
		{BBB1D881-17DD-4B85-B272-AB141EA24BE9}.Release|x64.Build.0 = Release|x64
		{BBB1D881-17DD-4B85-B272-AB141EA24BE9}.Release|x86.ActiveCfg = Release|Win32
		{BBB1D881-17DD-4B85-B272-AB141EA24BE9}.Release|x86.Build.0 = Release|Win32
		{1A20D54D-EB5C-473A-BF1F-33ED8C308304}.Debug|x64.ActiveCfg = Debug|x64
		{1A20D54D-EB5C-473A-BF1F-33ED8C308304}.Debug|x64.Build.0 = Debug|x64
		{1A20D54D-EB5C-473A-BF1F-33ED8C308304}.Debug|x86.ActiveCfg = Debug|Win32
		{1A20D54D-EB5C-473A-BF1F-33ED8C308304}.Debug|x86.Build.0 = Debug|Win32
		{1A20D54D-EB5C-473A-BF1F-33ED8C308304}.Release|x64.ActiveCfg = Release|x64
		{1A20D54D-EB5C-473A-BF1F-33ED8C308304}.Release|x64.Build.0 = Release|x64
		{1A20D54D-EB5C-473A-BF1F-33ED8C308304}.Release|x86.ActiveCfg = Release|Win32
		{1A20D54D-EB5C-473A-BF1F-33ED8C308304}.Release|x86.Build.0 = Release|Win32
		{41605306-1FB9-49C0-AF24-9C913076E82F}.Debug|x64.ActiveCfg = Debug|x64
		{41605306-1FB9-49C0-AF24-9C913076E82F}.Debug|x64.Build.0 = Debug|x64
		{41605306-1FB9-49C0-AF24-9C913076E82F}.Debug|x86.ActiveCfg = Debug|Win32
		{41605306-1FB9-49C0-AF24-9C913076E82F}.Debug|x86.Build.0 = Debug|Win32
		{41605306-1FB9-49C0-AF24-9C913076E82F}.Release|x64.ActiveCfg = Release|x64
		{41605306-1FB9-49C0-AF24-9C913076E82F}.Release|x64.Build.0 = Release|x64
		{41605306-1FB9-49C0-AF24-9C913076E82F}.Release|x86.ActiveCfg = Release|Win32
		{41605306-1FB9-49C0-AF24-9C913076E82F}.Release|x86.Build.0 = Release|Win32
		{67405C4C-E29E-4C51-8B6A-C04FAA6CFF55}.Debug|x64.ActiveCfg = Debug|x64
		{67405C4C-E29E-4C51-8B6A-C04FAA6CFF55}.Debug|x64.Build.0 = Debug|x64
		{67405C4C-E29E-4C51-8B6A-C04FAA6CFF55}.Debug|x86.ActiveCfg = Debug|Win32
		{67405C4C-E29E-4C51-8B6A-C04FAA6CFF55}.Debug|x86.Build.0 = Debug|Win32
		{67405C4C-E29E-4C51-8B6A-C04FAA6CFF55}.Release|x64.ActiveCfg = Release|x64
		{67405C4C-E29E-4C51-8B6A-C04FAA6CFF55}.Release|x64.Build.0 = Release|x64
		{67405C4C-E29E-4C51-8B6A-C04FAA6CFF55}.Release|x86.ActiveCfg = Release|Win32
		{67405C4C-E29E-4C51-8B6A-C04FAA6CFF55}.Release|x86.Build.0 = Release|Win32
		{4D3F7D2A-13DC-4887-8FE1-06D9230B964E}.Debug|x64.ActiveCfg = Debug|x64
		{4D3F7D2A-13DC-4887-8FE1-06D9230B964E}.Debug|x64.Build.0 = Debug|x64
		{4D3F7D2A-13DC-4887-8FE1-06D9230B964E}.Debug|x86.ActiveCfg = Debug|Win32
		{4D3F7D2A-13DC-4887-8FE1-06D9230B964E}.Debug|x86.Build.0 = Debug|Win32
		{4D3F7D2A-13DC-4887-8FE1-06D9230B964E}.Release|x64.ActiveCfg = Release|x64
		{4D3F7D2A-13DC-4887-8FE1-06D9230B964E}.Release|x64.Build.0 = Release|x64
		{4D3F7D2A-13DC-4887-8FE1-06D9230B964E}.Release|x86.ActiveCfg = Release|Win32
		{4D3F7D2A-13DC-4887-8FE1-06D9230B964E}.Release|x86.Build.0 = Release|Win32
		{62C01B52-F832-4E82-8916-3890DC60EF6E}.Debug|x64.ActiveCfg = Debug|x64
		{62C01B52-F832-4E82-8916-3890DC60EF6E}.Debug|x64.Build.0 = Debug|x64
		{62C01B52-F832-4E82-8916-3890DC60EF6E}.Debug|x86.ActiveCfg = Debug|Win32
		{62C01B52-F832-4E82-8916-3890DC60EF6E}.Debug|x86.Build.0 = Debug|Win32
		{62C01B52-F832-4E82-8916-3890DC60EF6E}.Release|x64.ActiveCfg = Release|x64
		{62C01B52-F832-4E82-8916-3890DC60EF6E}.Release|x64.Build.0 = Release|x64
		{62C01B52-F832-4E82-8916-3890DC60EF6E}.Release|x86.ActiveCfg = Release|Win32
		{62C01B52-F832-4E82-8916-3890DC60EF6E}.Release|x86.Build.0 = Release|Win32
		{F68829F1-C450-4064-B06B-916D6F381DC2}.Debug|x64.ActiveCfg = Debug|x64
		{F68829F1-C450-4064-B06B-916D6F381DC2}.Debug|x64.Build.0 = Debug|x64
		{F68829F1-C450-4064-B06B-916D6F381DC2}.Debug|x86.ActiveCfg = Debug|Win32
		{F68829F1-C450-4064-B06B-916D6F381DC2}.Debug|x86.Build.0 = Debug|Win32
		{F68829F1-C450-4064-B06B-916D6F381DC2}.Release|x64.ActiveCfg = Release|x64
		{F68829F1-C450-4064-B06B-916D6F381DC2}.Release|x64.Build.0 = Release|x64
		{F68829F1-C450-4064-B06B-916D6F381DC2}.Release|x86.ActiveCfg = Release|Win32
		{F68829F1-C450-4064-B06B-916D6F381DC2}.Release|x86.Build.0 = Release|Win32
		{4AEBCF56-9AC4-4F42-B563-F931D0D85A70}.Debug|x64.ActiveCfg = Debug|x64
		{4AEBCF56-9AC4-4F42-B563-F931D0D85A70}.Debug|x64.Build.0 = Debug|x64
		{4AEBCF56-9AC4-4F42-B563-F931D0D85A70}.Debug|x86.ActiveCfg = Debug|Win32
		{4AEBCF56-9AC4-4F42-B563-F931D0D85A70}.Debug|x86.Build.0 = Debug|Win32
		{4AEBCF56-9AC4-4F42-B563-F931D0D85A70}.Release|x64.ActiveCfg = Release|x64
		{4AEBCF56-9AC4-4F42-B563-F931D0D85A70}.Release|x64.Build.0 = Release|x64
		{4AEBCF56-9AC4-4F42-B563-F931D0D85A70}.Release|x86.ActiveCfg = Release|Win32
		{4AEBCF56-9AC4-4F42-B563-F931D0D85A70}.Release|x86.Build.0 = Release|Win32
		{3A343049-75D4-4FA6-BB5D-D15E7F79566C}.Debug|x64.ActiveCfg = Debug|x64
		{3A343049-75D4-4FA6-BB5D-D15E7F79566C}.Debug|x64.Build.0 = Debug|x64
		{3A343049-75D4-4FA6-BB5D-D15E7F79566C}.Debug|x86.ActiveCfg = Debug|Win32
		{3A343049-75D4-4FA6-BB5D-D15E7F79566C}.Debug|x86.Build.0 = Debug|Win32
		{3A343049-75D4-4FA6-BB5D-D15E7F79566C}.Release|x64.ActiveCfg = Release|x64
		{3A343049-75D4-4FA6-BB5D-D15E7F79566C}.Release|x64.Build.0 = Release|x64
		{3A343049-75D4-4FA6-BB5D-D15E7F79566C}.Release|x86.ActiveCfg = Release|Win32
		{3A343049-75D4-4FA6-BB5D-D15E7F79566C}.Release|x86.Build.0 = Release|Win32
	EndGlobalSection
	GlobalSection(SolutionProperties) = preSolution
		HideSolutionNode = FALSE
	EndGlobalSection
	GlobalSection(ExtensibilityGlobals) = postSolution
		SolutionGuid = {E4C36730-051E-4EB0-9EAB-ED3075AA2CC3}
	EndGlobalSection
EndGlobal
