
Microsoft Visual Studio Solution File, Format Version 12.00
# Visual Studio Version 16
VisualStudioVersion = 16.0.34031.81
MinimumVisualStudioVersion = 10.0.40219.1
Project("{8BC9CEB8-8B4A-11D0-8D11-00A0C91BC942}") = "Chapter18_01", "Chapter18_01\Chapter18_01.vcxproj", "{D9777E75-E850-424E-A002-781515041320}"
EndProject
Project("{8BC9CEB8-8B4A-11D0-8D11-00A0C91BC942}") = "Chapter18_02", "Chapter18_02\Chapter18_02.vcxproj", "{435536C6-4A7C-4D22-8A67-0FCED7138974}"
EndProject
Project("{8BC9CEB8-8B4A-11D0-8D11-00A0C91BC942}") = "Chapter18_03", "Chapter18_03\Chapter18_03.vcxproj", "{B5265107-ECF7-4561-B854-EC9175E69A21}"
EndProject
Project("{8BC9CEB8-8B4A-11D0-8D11-00A0C91BC942}") = "Chapter18_04", "Chapter18_04\Chapter18_04.vcxproj", "{1D6A5425-FF67-451E-8E91-CC91536D0361}"
EndProject
Global
	GlobalSection(SolutionConfigurationPlatforms) = preSolution
		Debug|x64 = Debug|x64
		Debug|x86 = Debug|x86
		Release|x64 = Release|x64
		Release|x86 = Release|x86
	EndGlobalSection
	GlobalSection(ProjectConfigurationPlatforms) = postSolution
		{D9777E75-E850-424E-A002-781515041320}.Debug|x64.ActiveCfg = Debug|x64
		{D9777E75-E850-424E-A002-781515041320}.Debug|x64.Build.0 = Debug|x64
		{D9777E75-E850-424E-A002-781515041320}.Debug|x86.ActiveCfg = Debug|Win32
		{D9777E75-E850-424E-A002-781515041320}.Debug|x86.Build.0 = Debug|Win32
		{D9777E75-E850-424E-A002-781515041320}.Release|x64.ActiveCfg = Release|x64
		{D9777E75-E850-424E-A002-781515041320}.Release|x64.Build.0 = Release|x64
		{D9777E75-E850-424E-A002-781515041320}.Release|x86.ActiveCfg = Release|Win32
		{D9777E75-E850-424E-A002-781515041320}.Release|x86.Build.0 = Release|Win32
		{435536C6-4A7C-4D22-8A67-0FCED7138974}.Debug|x64.ActiveCfg = Debug|x64
		{435536C6-4A7C-4D22-8A67-0FCED7138974}.Debug|x64.Build.0 = Debug|x64
		{435536C6-4A7C-4D22-8A67-0FCED7138974}.Debug|x86.ActiveCfg = Debug|Win32
		{435536C6-4A7C-4D22-8A67-0FCED7138974}.Debug|x86.Build.0 = Debug|Win32
		{435536C6-4A7C-4D22-8A67-0FCED7138974}.Release|x64.ActiveCfg = Release|x64
		{435536C6-4A7C-4D22-8A67-0FCED7138974}.Release|x64.Build.0 = Release|x64
		{435536C6-4A7C-4D22-8A67-0FCED7138974}.Release|x86.ActiveCfg = Release|Win32
		{435536C6-4A7C-4D22-8A67-0FCED7138974}.Release|x86.Build.0 = Release|Win32
		{B5265107-ECF7-4561-B854-EC9175E69A21}.Debug|x64.ActiveCfg = Debug|x64
		{B5265107-ECF7-4561-B854-EC9175E69A21}.Debug|x64.Build.0 = Debug|x64
		{B5265107-ECF7-4561-B854-EC9175E69A21}.Debug|x86.ActiveCfg = Debug|Win32
		{B5265107-ECF7-4561-B854-EC9175E69A21}.Debug|x86.Build.0 = Debug|Win32
		{B5265107-ECF7-4561-B854-EC9175E69A21}.Release|x64.ActiveCfg = Release|x64
		{B5265107-ECF7-4561-B854-EC9175E69A21}.Release|x64.Build.0 = Release|x64
		{B5265107-ECF7-4561-B854-EC9175E69A21}.Release|x86.ActiveCfg = Release|Win32
		{B5265107-ECF7-4561-B854-EC9175E69A21}.Release|x86.Build.0 = Release|Win32
		{1D6A5425-FF67-451E-8E91-CC91536D0361}.Debug|x64.ActiveCfg = Debug|x64
		{1D6A5425-FF67-451E-8E91-CC91536D0361}.Debug|x64.Build.0 = Debug|x64
		{1D6A5425-FF67-451E-8E91-CC91536D0361}.Debug|x86.ActiveCfg = Debug|Win32
		{1D6A5425-FF67-451E-8E91-CC91536D0361}.Debug|x86.Build.0 = Debug|Win32
		{1D6A5425-FF67-451E-8E91-CC91536D0361}.Release|x64.ActiveCfg = Release|x64
		{1D6A5425-FF67-451E-8E91-CC91536D0361}.Release|x64.Build.0 = Release|x64
		{1D6A5425-FF67-451E-8E91-CC91536D0361}.Release|x86.ActiveCfg = Release|Win32
		{1D6A5425-FF67-451E-8E91-CC91536D0361}.Release|x86.Build.0 = Release|Win32
	EndGlobalSection
	GlobalSection(SolutionProperties) = preSolution
		HideSolutionNode = FALSE
	EndGlobalSection
	GlobalSection(ExtensibilityGlobals) = postSolution
		SolutionGuid = {448219E2-3D9D-476E-B4D5-BBB0EA0D15B9}
	EndGlobalSection
EndGlobal
