
Microsoft Visual Studio Solution File, Format Version 12.00
# Visual Studio Version 16
VisualStudioVersion = 16.0.34031.81
MinimumVisualStudioVersion = 10.0.40219.1
Project("{8BC9CEB8-8B4A-11D0-8D11-00A0C91BC942}") = "Chapter9_01", "Chapter9_01\Chapter9_01.vcxproj", "{AAB1EC41-7AD5-4998-91F0-6C8FDEC5D0FF}"
EndProject
Project("{8BC9CEB8-8B4A-11D0-8D11-00A0C91BC942}") = "Chapter9_02", "Chapter9_02\Chapter9_02.vcxproj", "{6FD608AA-3A1D-456C-9EAE-2BD20BA801A0}"
EndProject
Project("{8BC9CEB8-8B4A-11D0-8D11-00A0C91BC942}") = "Chapter9_03", "Chapter9_03\Chapter9_03.vcxproj", "{3B5A52BE-41A1-4E53-957A-D94F7D8FA672}"
EndProject
Project("{8BC9CEB8-8B4A-11D0-8D11-00A0C91BC942}") = "Chapter9_04", "Chapter9_04\Chapter9_04.vcxproj", "{E8C07598-6E3B-4C04-B686-352DD095BF58}"
EndProject
Project("{8BC9CEB8-8B4A-11D0-8D11-00A0C91BC942}") = "Chapter9_05", "Chapter9_05\Chapter9_05.vcxproj", "{AAD8A9E1-591A-47FE-A6C2-F776EE9AC72D}"
EndProject
Project("{8BC9CEB8-8B4A-11D0-8D11-00A0C91BC942}") = "Chapter9_06", "Chapter9_06\Chapter9_06.vcxproj", "{4FECD0CE-E3AC-40F6-8B24-0CA66DC7A886}"
EndProject
Project("{8BC9CEB8-8B4A-11D0-8D11-00A0C91BC942}") = "Chapter9_07", "Chapter9_07\Chapter9_07.vcxproj", "{5E9F3193-70CA-4ED9-80B2-5699A0A0AAE1}"
EndProject
Project("{8BC9CEB8-8B4A-11D0-8D11-00A0C91BC942}") = "Chapter9_08", "Chapter9_08\Chapter9_08.vcxproj", "{23FA14FC-6EBE-4009-A506-612359594811}"
EndProject
Project("{8BC9CEB8-8B4A-11D0-8D11-00A0C91BC942}") = "Chapter9_09", "Chapter9_09\Chapter9_09.vcxproj", "{746221F3-4C10-4D50-8D8D-8B1E485F005F}"
EndProject
Project("{8BC9CEB8-8B4A-11D0-8D11-00A0C91BC942}") = "Chapter9_10", "Chapter9_10\Chapter9_10.vcxproj", "{E7220669-547B-4970-8CE5-1BC2F8CDF745}"
EndProject
Project("{8BC9CEB8-8B4A-11D0-8D11-00A0C91BC942}") = "Chapter9_11", "Chapter9_11\Chapter9_11.vcxproj", "{C40E3389-F2AB-4604-BF39-1F22AEABD108}"
EndProject
Global
	GlobalSection(SolutionConfigurationPlatforms) = preSolution
		Debug|x64 = Debug|x64
		Debug|x86 = Debug|x86
		Release|x64 = Release|x64
		Release|x86 = Release|x86
	EndGlobalSection
	GlobalSection(ProjectConfigurationPlatforms) = postSolution
		{AAB1EC41-7AD5-4998-91F0-6C8FDEC5D0FF}.Debug|x64.ActiveCfg = Debug|x64
		{AAB1EC41-7AD5-4998-91F0-6C8FDEC5D0FF}.Debug|x64.Build.0 = Debug|x64
		{AAB1EC41-7AD5-4998-91F0-6C8FDEC5D0FF}.Debug|x86.ActiveCfg = Debug|Win32
		{AAB1EC41-7AD5-4998-91F0-6C8FDEC5D0FF}.Debug|x86.Build.0 = Debug|Win32
		{AAB1EC41-7AD5-4998-91F0-6C8FDEC5D0FF}.Release|x64.ActiveCfg = Release|x64
		{AAB1EC41-7AD5-4998-91F0-6C8FDEC5D0FF}.Release|x64.Build.0 = Release|x64
		{AAB1EC41-7AD5-4998-91F0-6C8FDEC5D0FF}.Release|x86.ActiveCfg = Release|Win32
		{AAB1EC41-7AD5-4998-91F0-6C8FDEC5D0FF}.Release|x86.Build.0 = Release|Win32
		{6FD608AA-3A1D-456C-9EAE-2BD20BA801A0}.Debug|x64.ActiveCfg = Debug|x64
		{6FD608AA-3A1D-456C-9EAE-2BD20BA801A0}.Debug|x64.Build.0 = Debug|x64
		{6FD608AA-3A1D-456C-9EAE-2BD20BA801A0}.Debug|x86.ActiveCfg = Debug|Win32
		{6FD608AA-3A1D-456C-9EAE-2BD20BA801A0}.Debug|x86.Build.0 = Debug|Win32
		{6FD608AA-3A1D-456C-9EAE-2BD20BA801A0}.Release|x64.ActiveCfg = Release|x64
		{6FD608AA-3A1D-456C-9EAE-2BD20BA801A0}.Release|x64.Build.0 = Release|x64
		{6FD608AA-3A1D-456C-9EAE-2BD20BA801A0}.Release|x86.ActiveCfg = Release|Win32
		{6FD608AA-3A1D-456C-9EAE-2BD20BA801A0}.Release|x86.Build.0 = Release|Win32
		{3B5A52BE-41A1-4E53-957A-D94F7D8FA672}.Debug|x64.ActiveCfg = Debug|x64
		{3B5A52BE-41A1-4E53-957A-D94F7D8FA672}.Debug|x64.Build.0 = Debug|x64
		{3B5A52BE-41A1-4E53-957A-D94F7D8FA672}.Debug|x86.ActiveCfg = Debug|Win32
		{3B5A52BE-41A1-4E53-957A-D94F7D8FA672}.Debug|x86.Build.0 = Debug|Win32
		{3B5A52BE-41A1-4E53-957A-D94F7D8FA672}.Release|x64.ActiveCfg = Release|x64
		{3B5A52BE-41A1-4E53-957A-D94F7D8FA672}.Release|x64.Build.0 = Release|x64
		{3B5A52BE-41A1-4E53-957A-D94F7D8FA672}.Release|x86.ActiveCfg = Release|Win32
		{3B5A52BE-41A1-4E53-957A-D94F7D8FA672}.Release|x86.Build.0 = Release|Win32
		{E8C07598-6E3B-4C04-B686-352DD095BF58}.Debug|x64.ActiveCfg = Debug|x64
		{E8C07598-6E3B-4C04-B686-352DD095BF58}.Debug|x64.Build.0 = Debug|x64
		{E8C07598-6E3B-4C04-B686-352DD095BF58}.Debug|x86.ActiveCfg = Debug|Win32
		{E8C07598-6E3B-4C04-B686-352DD095BF58}.Debug|x86.Build.0 = Debug|Win32
		{E8C07598-6E3B-4C04-B686-352DD095BF58}.Release|x64.ActiveCfg = Release|x64
		{E8C07598-6E3B-4C04-B686-352DD095BF58}.Release|x64.Build.0 = Release|x64
		{E8C07598-6E3B-4C04-B686-352DD095BF58}.Release|x86.ActiveCfg = Release|Win32
		{E8C07598-6E3B-4C04-B686-352DD095BF58}.Release|x86.Build.0 = Release|Win32
		{AAD8A9E1-591A-47FE-A6C2-F776EE9AC72D}.Debug|x64.ActiveCfg = Debug|x64
		{AAD8A9E1-591A-47FE-A6C2-F776EE9AC72D}.Debug|x64.Build.0 = Debug|x64
		{AAD8A9E1-591A-47FE-A6C2-F776EE9AC72D}.Debug|x86.ActiveCfg = Debug|Win32
		{AAD8A9E1-591A-47FE-A6C2-F776EE9AC72D}.Debug|x86.Build.0 = Debug|Win32
		{AAD8A9E1-591A-47FE-A6C2-F776EE9AC72D}.Release|x64.ActiveCfg = Release|x64
		{AAD8A9E1-591A-47FE-A6C2-F776EE9AC72D}.Release|x64.Build.0 = Release|x64
		{AAD8A9E1-591A-47FE-A6C2-F776EE9AC72D}.Release|x86.ActiveCfg = Release|Win32
		{AAD8A9E1-591A-47FE-A6C2-F776EE9AC72D}.Release|x86.Build.0 = Release|Win32
		{4FECD0CE-E3AC-40F6-8B24-0CA66DC7A886}.Debug|x64.ActiveCfg = Debug|x64
		{4FECD0CE-E3AC-40F6-8B24-0CA66DC7A886}.Debug|x64.Build.0 = Debug|x64
		{4FECD0CE-E3AC-40F6-8B24-0CA66DC7A886}.Debug|x86.ActiveCfg = Debug|Win32
		{4FECD0CE-E3AC-40F6-8B24-0CA66DC7A886}.Debug|x86.Build.0 = Debug|Win32
		{4FECD0CE-E3AC-40F6-8B24-0CA66DC7A886}.Release|x64.ActiveCfg = Release|x64
		{4FECD0CE-E3AC-40F6-8B24-0CA66DC7A886}.Release|x64.Build.0 = Release|x64
		{4FECD0CE-E3AC-40F6-8B24-0CA66DC7A886}.Release|x86.ActiveCfg = Release|Win32
		{4FECD0CE-E3AC-40F6-8B24-0CA66DC7A886}.Release|x86.Build.0 = Release|Win32
		{5E9F3193-70CA-4ED9-80B2-5699A0A0AAE1}.Debug|x64.ActiveCfg = Debug|x64
		{5E9F3193-70CA-4ED9-80B2-5699A0A0AAE1}.Debug|x64.Build.0 = Debug|x64
		{5E9F3193-70CA-4ED9-80B2-5699A0A0AAE1}.Debug|x86.ActiveCfg = Debug|Win32
		{5E9F3193-70CA-4ED9-80B2-5699A0A0AAE1}.Debug|x86.Build.0 = Debug|Win32
		{5E9F3193-70CA-4ED9-80B2-5699A0A0AAE1}.Release|x64.ActiveCfg = Release|x64
		{5E9F3193-70CA-4ED9-80B2-5699A0A0AAE1}.Release|x64.Build.0 = Release|x64
		{5E9F3193-70CA-4ED9-80B2-5699A0A0AAE1}.Release|x86.ActiveCfg = Release|Win32
		{5E9F3193-70CA-4ED9-80B2-5699A0A0AAE1}.Release|x86.Build.0 = Release|Win32
		{23FA14FC-6EBE-4009-A506-612359594811}.Debug|x64.ActiveCfg = Debug|x64
		{23FA14FC-6EBE-4009-A506-612359594811}.Debug|x64.Build.0 = Debug|x64
		{23FA14FC-6EBE-4009-A506-612359594811}.Debug|x86.ActiveCfg = Debug|Win32
		{23FA14FC-6EBE-4009-A506-612359594811}.Debug|x86.Build.0 = Debug|Win32
		{23FA14FC-6EBE-4009-A506-612359594811}.Release|x64.ActiveCfg = Release|x64
		{23FA14FC-6EBE-4009-A506-612359594811}.Release|x64.Build.0 = Release|x64
		{23FA14FC-6EBE-4009-A506-612359594811}.Release|x86.ActiveCfg = Release|Win32
		{23FA14FC-6EBE-4009-A506-612359594811}.Release|x86.Build.0 = Release|Win32
		{746221F3-4C10-4D50-8D8D-8B1E485F005F}.Debug|x64.ActiveCfg = Debug|x64
		{746221F3-4C10-4D50-8D8D-8B1E485F005F}.Debug|x64.Build.0 = Debug|x64
		{746221F3-4C10-4D50-8D8D-8B1E485F005F}.Debug|x86.ActiveCfg = Debug|Win32
		{746221F3-4C10-4D50-8D8D-8B1E485F005F}.Debug|x86.Build.0 = Debug|Win32
		{746221F3-4C10-4D50-8D8D-8B1E485F005F}.Release|x64.ActiveCfg = Release|x64
		{746221F3-4C10-4D50-8D8D-8B1E485F005F}.Release|x64.Build.0 = Release|x64
		{746221F3-4C10-4D50-8D8D-8B1E485F005F}.Release|x86.ActiveCfg = Release|Win32
		{746221F3-4C10-4D50-8D8D-8B1E485F005F}.Release|x86.Build.0 = Release|Win32
		{E7220669-547B-4970-8CE5-1BC2F8CDF745}.Debug|x64.ActiveCfg = Debug|x64
		{E7220669-547B-4970-8CE5-1BC2F8CDF745}.Debug|x64.Build.0 = Debug|x64
		{E7220669-547B-4970-8CE5-1BC2F8CDF745}.Debug|x86.ActiveCfg = Debug|Win32
		{E7220669-547B-4970-8CE5-1BC2F8CDF745}.Debug|x86.Build.0 = Debug|Win32
		{E7220669-547B-4970-8CE5-1BC2F8CDF745}.Release|x64.ActiveCfg = Release|x64
		{E7220669-547B-4970-8CE5-1BC2F8CDF745}.Release|x64.Build.0 = Release|x64
		{E7220669-547B-4970-8CE5-1BC2F8CDF745}.Release|x86.ActiveCfg = Release|Win32
		{E7220669-547B-4970-8CE5-1BC2F8CDF745}.Release|x86.Build.0 = Release|Win32
		{C40E3389-F2AB-4604-BF39-1F22AEABD108}.Debug|x64.ActiveCfg = Debug|x64
		{C40E3389-F2AB-4604-BF39-1F22AEABD108}.Debug|x64.Build.0 = Debug|x64
		{C40E3389-F2AB-4604-BF39-1F22AEABD108}.Debug|x86.ActiveCfg = Debug|Win32
		{C40E3389-F2AB-4604-BF39-1F22AEABD108}.Debug|x86.Build.0 = Debug|Win32
		{C40E3389-F2AB-4604-BF39-1F22AEABD108}.Release|x64.ActiveCfg = Release|x64
		{C40E3389-F2AB-4604-BF39-1F22AEABD108}.Release|x64.Build.0 = Release|x64
		{C40E3389-F2AB-4604-BF39-1F22AEABD108}.Release|x86.ActiveCfg = Release|Win32
		{C40E3389-F2AB-4604-BF39-1F22AEABD108}.Release|x86.Build.0 = Release|Win32
	EndGlobalSection
	GlobalSection(SolutionProperties) = preSolution
		HideSolutionNode = FALSE
	EndGlobalSection
	GlobalSection(ExtensibilityGlobals) = postSolution
		SolutionGuid = {AE217A17-10DA-4B8B-81B2-54A976626CAF}
	EndGlobalSection
EndGlobal
