
Microsoft Visual Studio Solution File, Format Version 12.00
# Visual Studio Version 16
VisualStudioVersion = 16.0.34031.81
MinimumVisualStudioVersion = 10.0.40219.1
Project("{8BC9CEB8-8B4A-11D0-8D11-00A0C91BC942}") = "Chapter12_01", "Chapter12_01\Chapter12_01.vcxproj", "{6BA31CFC-3C23-4BE1-B220-1183C3DA9456}"
EndProject
Project("{8BC9CEB8-8B4A-11D0-8D11-00A0C91BC942}") = "Chapter12_02", "Chapter12_02\Chapter12_02.vcxproj", "{949AF494-4008-4809-B6DE-14331EA4663D}"
EndProject
Project("{8BC9CEB8-8B4A-11D0-8D11-00A0C91BC942}") = "Chapter12_03", "Chapter12_03\Chapter12_03.vcxproj", "{985F87B9-C66D-4D5A-A20F-F6B36B6D0A71}"
EndProject
Project("{8BC9CEB8-8B4A-11D0-8D11-00A0C91BC942}") = "Chapter12_04", "Chapter12_04\Chapter12_04.vcxproj", "{838971D3-8DE5-4022-BE55-CBD15306E194}"
EndProject
Global
	GlobalSection(SolutionConfigurationPlatforms) = preSolution
		Debug|x64 = Debug|x64
		Debug|x86 = Debug|x86
		Release|x64 = Release|x64
		Release|x86 = Release|x86
	EndGlobalSection
	GlobalSection(ProjectConfigurationPlatforms) = postSolution
		{6BA31CFC-3C23-4BE1-B220-1183C3DA9456}.Debug|x64.ActiveCfg = Debug|x64
		{6BA31CFC-3C23-4BE1-B220-1183C3DA9456}.Debug|x64.Build.0 = Debug|x64
		{6BA31CFC-3C23-4BE1-B220-1183C3DA9456}.Debug|x86.ActiveCfg = Debug|Win32
		{6BA31CFC-3C23-4BE1-B220-1183C3DA9456}.Debug|x86.Build.0 = Debug|Win32
		{6BA31CFC-3C23-4BE1-B220-1183C3DA9456}.Release|x64.ActiveCfg = Release|x64
		{6BA31CFC-3C23-4BE1-B220-1183C3DA9456}.Release|x64.Build.0 = Release|x64
		{6BA31CFC-3C23-4BE1-B220-1183C3DA9456}.Release|x86.ActiveCfg = Release|Win32
		{6BA31CFC-3C23-4BE1-B220-1183C3DA9456}.Release|x86.Build.0 = Release|Win32
		{949AF494-4008-4809-B6DE-14331EA4663D}.Debug|x64.ActiveCfg = Debug|x64
		{949AF494-4008-4809-B6DE-14331EA4663D}.Debug|x64.Build.0 = Debug|x64
		{949AF494-4008-4809-B6DE-14331EA4663D}.Debug|x86.ActiveCfg = Debug|Win32
		{949AF494-4008-4809-B6DE-14331EA4663D}.Debug|x86.Build.0 = Debug|Win32
		{949AF494-4008-4809-B6DE-14331EA4663D}.Release|x64.ActiveCfg = Release|x64
		{949AF494-4008-4809-B6DE-14331EA4663D}.Release|x64.Build.0 = Release|x64
		{949AF494-4008-4809-B6DE-14331EA4663D}.Release|x86.ActiveCfg = Release|Win32
		{949AF494-4008-4809-B6DE-14331EA4663D}.Release|x86.Build.0 = Release|Win32
		{985F87B9-C66D-4D5A-A20F-F6B36B6D0A71}.Debug|x64.ActiveCfg = Debug|x64
		{985F87B9-C66D-4D5A-A20F-F6B36B6D0A71}.Debug|x64.Build.0 = Debug|x64
		{985F87B9-C66D-4D5A-A20F-F6B36B6D0A71}.Debug|x86.ActiveCfg = Debug|Win32
		{985F87B9-C66D-4D5A-A20F-F6B36B6D0A71}.Debug|x86.Build.0 = Debug|Win32
		{985F87B9-C66D-4D5A-A20F-F6B36B6D0A71}.Release|x64.ActiveCfg = Release|x64
		{985F87B9-C66D-4D5A-A20F-F6B36B6D0A71}.Release|x64.Build.0 = Release|x64
		{985F87B9-C66D-4D5A-A20F-F6B36B6D0A71}.Release|x86.ActiveCfg = Release|Win32
		{985F87B9-C66D-4D5A-A20F-F6B36B6D0A71}.Release|x86.Build.0 = Release|Win32
		{838971D3-8DE5-4022-BE55-CBD15306E194}.Debug|x64.ActiveCfg = Debug|x64
		{838971D3-8DE5-4022-BE55-CBD15306E194}.Debug|x64.Build.0 = Debug|x64
		{838971D3-8DE5-4022-BE55-CBD15306E194}.Debug|x86.ActiveCfg = Debug|Win32
		{838971D3-8DE5-4022-BE55-CBD15306E194}.Debug|x86.Build.0 = Debug|Win32
		{838971D3-8DE5-4022-BE55-CBD15306E194}.Release|x64.ActiveCfg = Release|x64
		{838971D3-8DE5-4022-BE55-CBD15306E194}.Release|x64.Build.0 = Release|x64
		{838971D3-8DE5-4022-BE55-CBD15306E194}.Release|x86.ActiveCfg = Release|Win32
		{838971D3-8DE5-4022-BE55-CBD15306E194}.Release|x86.Build.0 = Release|Win32
	EndGlobalSection
	GlobalSection(SolutionProperties) = preSolution
		HideSolutionNode = FALSE
	EndGlobalSection
	GlobalSection(ExtensibilityGlobals) = postSolution
		SolutionGuid = {74BC6EB7-4DE8-43B9-BF59-539A65DF20DA}
	EndGlobalSection
EndGlobal
