
Microsoft Visual Studio Solution File, Format Version 12.00
# Visual Studio Version 16
VisualStudioVersion = 16.0.34031.81
MinimumVisualStudioVersion = 10.0.40219.1
Project("{8BC9CEB8-8B4A-11D0-8D11-00A0C91BC942}") = "Chapter7_02", "Chapter7_02\Chapter7_02.vcxproj", "{A2D40847-03D9-4B31-9059-1724477FC55F}"
EndProject
Project("{8BC9CEB8-8B4A-11D0-8D11-00A0C91BC942}") = "Chapter7_03", "Chapter7_03\Chapter7_03.vcxproj", "{6C4C1D7F-CF2D-436E-B97D-FFC7AB5713DC}"
EndProject
Project("{8BC9CEB8-8B4A-11D0-8D11-00A0C91BC942}") = "Chapter7_04", "Chapter7_04\Chapter7_04.vcxproj", "{355F3BE9-8895-4933-9FF1-8341EC3C416A}"
EndProject
Project("{8BC9CEB8-8B4A-11D0-8D11-00A0C91BC942}") = "Chapter7_05", "Chapter7_05\Chapter7_05.vcxproj", "{9F267632-BFBC-4013-A791-106007D5A41F}"
EndProject
Project("{8BC9CEB8-8B4A-11D0-8D11-00A0C91BC942}") = "Chapter7_06", "Chapter7_06\Chapter7_06.vcxproj", "{FB48B025-9662-476B-943A-8CB42A84F8D2}"
EndProject
Project("{8BC9CEB8-8B4A-11D0-8D11-00A0C91BC942}") = "Chapter7_07", "Chapter7_07\Chapter7_07.vcxproj", "{E26B0B77-11AD-4343-970D-F032EF5BE12C}"
EndProject
Project("{8BC9CEB8-8B4A-11D0-8D11-00A0C91BC942}") = "Chapter7_08", "Chapter7_08\Chapter7_08.vcxproj", "{A01D3EFD-012F-4104-95C0-A1FA51B69F2B}"
EndProject
Project("{8BC9CEB8-8B4A-11D0-8D11-00A0C91BC942}") = "Chapter7_09", "Chapter7_09\Chapter7_09.vcxproj", "{BAD61981-D7BE-4632-B56C-CDA4DA7A0E53}"
EndProject
Project("{8BC9CEB8-8B4A-11D0-8D11-00A0C91BC942}") = "Chapter7_11", "Chapter7_11\Chapter7_11.vcxproj", "{A6B5823D-F87A-4B9C-A837-15713CEB932F}"
EndProject
Global
	GlobalSection(SolutionConfigurationPlatforms) = preSolution
		Debug|x64 = Debug|x64
		Debug|x86 = Debug|x86
		Release|x64 = Release|x64
		Release|x86 = Release|x86
	EndGlobalSection
	GlobalSection(ProjectConfigurationPlatforms) = postSolution
		{A2D40847-03D9-4B31-9059-1724477FC55F}.Debug|x64.ActiveCfg = Debug|x64
		{A2D40847-03D9-4B31-9059-1724477FC55F}.Debug|x64.Build.0 = Debug|x64
		{A2D40847-03D9-4B31-9059-1724477FC55F}.Debug|x86.ActiveCfg = Debug|Win32
		{A2D40847-03D9-4B31-9059-1724477FC55F}.Debug|x86.Build.0 = Debug|Win32
		{A2D40847-03D9-4B31-9059-1724477FC55F}.Release|x64.ActiveCfg = Release|x64
		{A2D40847-03D9-4B31-9059-1724477FC55F}.Release|x64.Build.0 = Release|x64
		{A2D40847-03D9-4B31-9059-1724477FC55F}.Release|x86.ActiveCfg = Release|Win32
		{A2D40847-03D9-4B31-9059-1724477FC55F}.Release|x86.Build.0 = Release|Win32
		{6C4C1D7F-CF2D-436E-B97D-FFC7AB5713DC}.Debug|x64.ActiveCfg = Debug|x64
		{6C4C1D7F-CF2D-436E-B97D-FFC7AB5713DC}.Debug|x64.Build.0 = Debug|x64
		{6C4C1D7F-CF2D-436E-B97D-FFC7AB5713DC}.Debug|x86.ActiveCfg = Debug|Win32
		{6C4C1D7F-CF2D-436E-B97D-FFC7AB5713DC}.Debug|x86.Build.0 = Debug|Win32
		{6C4C1D7F-CF2D-436E-B97D-FFC7AB5713DC}.Release|x64.ActiveCfg = Release|x64
		{6C4C1D7F-CF2D-436E-B97D-FFC7AB5713DC}.Release|x64.Build.0 = Release|x64
		{6C4C1D7F-CF2D-436E-B97D-FFC7AB5713DC}.Release|x86.ActiveCfg = Release|Win32
		{6C4C1D7F-CF2D-436E-B97D-FFC7AB5713DC}.Release|x86.Build.0 = Release|Win32
		{355F3BE9-8895-4933-9FF1-8341EC3C416A}.Debug|x64.ActiveCfg = Debug|x64
		{355F3BE9-8895-4933-9FF1-8341EC3C416A}.Debug|x64.Build.0 = Debug|x64
		{355F3BE9-8895-4933-9FF1-8341EC3C416A}.Debug|x86.ActiveCfg = Debug|Win32
		{355F3BE9-8895-4933-9FF1-8341EC3C416A}.Debug|x86.Build.0 = Debug|Win32
		{355F3BE9-8895-4933-9FF1-8341EC3C416A}.Release|x64.ActiveCfg = Release|x64
		{355F3BE9-8895-4933-9FF1-8341EC3C416A}.Release|x64.Build.0 = Release|x64
		{355F3BE9-8895-4933-9FF1-8341EC3C416A}.Release|x86.ActiveCfg = Release|Win32
		{355F3BE9-8895-4933-9FF1-8341EC3C416A}.Release|x86.Build.0 = Release|Win32
		{9F267632-BFBC-4013-A791-106007D5A41F}.Debug|x64.ActiveCfg = Debug|x64
		{9F267632-BFBC-4013-A791-106007D5A41F}.Debug|x64.Build.0 = Debug|x64
		{9F267632-BFBC-4013-A791-106007D5A41F}.Debug|x86.ActiveCfg = Debug|Win32
		{9F267632-BFBC-4013-A791-106007D5A41F}.Debug|x86.Build.0 = Debug|Win32
		{9F267632-BFBC-4013-A791-106007D5A41F}.Release|x64.ActiveCfg = Release|x64
		{9F267632-BFBC-4013-A791-106007D5A41F}.Release|x64.Build.0 = Release|x64
		{9F267632-BFBC-4013-A791-106007D5A41F}.Release|x86.ActiveCfg = Release|Win32
		{9F267632-BFBC-4013-A791-106007D5A41F}.Release|x86.Build.0 = Release|Win32
		{FB48B025-9662-476B-943A-8CB42A84F8D2}.Debug|x64.ActiveCfg = Debug|x64
		{FB48B025-9662-476B-943A-8CB42A84F8D2}.Debug|x64.Build.0 = Debug|x64
		{FB48B025-9662-476B-943A-8CB42A84F8D2}.Debug|x86.ActiveCfg = Debug|Win32
		{FB48B025-9662-476B-943A-8CB42A84F8D2}.Debug|x86.Build.0 = Debug|Win32
		{FB48B025-9662-476B-943A-8CB42A84F8D2}.Release|x64.ActiveCfg = Release|x64
		{FB48B025-9662-476B-943A-8CB42A84F8D2}.Release|x64.Build.0 = Release|x64
		{FB48B025-9662-476B-943A-8CB42A84F8D2}.Release|x86.ActiveCfg = Release|Win32
		{FB48B025-9662-476B-943A-8CB42A84F8D2}.Release|x86.Build.0 = Release|Win32
		{E26B0B77-11AD-4343-970D-F032EF5BE12C}.Debug|x64.ActiveCfg = Debug|x64
		{E26B0B77-11AD-4343-970D-F032EF5BE12C}.Debug|x64.Build.0 = Debug|x64
		{E26B0B77-11AD-4343-970D-F032EF5BE12C}.Debug|x86.ActiveCfg = Debug|Win32
		{E26B0B77-11AD-4343-970D-F032EF5BE12C}.Debug|x86.Build.0 = Debug|Win32
		{E26B0B77-11AD-4343-970D-F032EF5BE12C}.Release|x64.ActiveCfg = Release|x64
		{E26B0B77-11AD-4343-970D-F032EF5BE12C}.Release|x64.Build.0 = Release|x64
		{E26B0B77-11AD-4343-970D-F032EF5BE12C}.Release|x86.ActiveCfg = Release|Win32
		{E26B0B77-11AD-4343-970D-F032EF5BE12C}.Release|x86.Build.0 = Release|Win32
		{A01D3EFD-012F-4104-95C0-A1FA51B69F2B}.Debug|x64.ActiveCfg = Debug|x64
		{A01D3EFD-012F-4104-95C0-A1FA51B69F2B}.Debug|x64.Build.0 = Debug|x64
		{A01D3EFD-012F-4104-95C0-A1FA51B69F2B}.Debug|x86.ActiveCfg = Debug|Win32
		{A01D3EFD-012F-4104-95C0-A1FA51B69F2B}.Debug|x86.Build.0 = Debug|Win32
		{A01D3EFD-012F-4104-95C0-A1FA51B69F2B}.Release|x64.ActiveCfg = Release|x64
		{A01D3EFD-012F-4104-95C0-A1FA51B69F2B}.Release|x64.Build.0 = Release|x64
		{A01D3EFD-012F-4104-95C0-A1FA51B69F2B}.Release|x86.ActiveCfg = Release|Win32
		{A01D3EFD-012F-4104-95C0-A1FA51B69F2B}.Release|x86.Build.0 = Release|Win32
		{BAD61981-D7BE-4632-B56C-CDA4DA7A0E53}.Debug|x64.ActiveCfg = Debug|x64
		{BAD61981-D7BE-4632-B56C-CDA4DA7A0E53}.Debug|x64.Build.0 = Debug|x64
		{BAD61981-D7BE-4632-B56C-CDA4DA7A0E53}.Debug|x86.ActiveCfg = Debug|Win32
		{BAD61981-D7BE-4632-B56C-CDA4DA7A0E53}.Debug|x86.Build.0 = Debug|Win32
		{BAD61981-D7BE-4632-B56C-CDA4DA7A0E53}.Release|x64.ActiveCfg = Release|x64
		{BAD61981-D7BE-4632-B56C-CDA4DA7A0E53}.Release|x64.Build.0 = Release|x64
		{BAD61981-D7BE-4632-B56C-CDA4DA7A0E53}.Release|x86.ActiveCfg = Release|Win32
		{BAD61981-D7BE-4632-B56C-CDA4DA7A0E53}.Release|x86.Build.0 = Release|Win32
		{A6B5823D-F87A-4B9C-A837-15713CEB932F}.Debug|x64.ActiveCfg = Debug|x64
		{A6B5823D-F87A-4B9C-A837-15713CEB932F}.Debug|x64.Build.0 = Debug|x64
		{A6B5823D-F87A-4B9C-A837-15713CEB932F}.Debug|x86.ActiveCfg = Debug|Win32
		{A6B5823D-F87A-4B9C-A837-15713CEB932F}.Debug|x86.Build.0 = Debug|Win32
		{A6B5823D-F87A-4B9C-A837-15713CEB932F}.Release|x64.ActiveCfg = Release|x64
		{A6B5823D-F87A-4B9C-A837-15713CEB932F}.Release|x64.Build.0 = Release|x64
		{A6B5823D-F87A-4B9C-A837-15713CEB932F}.Release|x86.ActiveCfg = Release|Win32
		{A6B5823D-F87A-4B9C-A837-15713CEB932F}.Release|x86.Build.0 = Release|Win32
	EndGlobalSection
	GlobalSection(SolutionProperties) = preSolution
		HideSolutionNode = FALSE
	EndGlobalSection
	GlobalSection(ExtensibilityGlobals) = postSolution
		SolutionGuid = {F63E6BDC-0B12-4C02-A475-3389C050C532}
	EndGlobalSection
EndGlobal
