
Microsoft Visual Studio Solution File, Format Version 12.00
# Visual Studio Version 16
VisualStudioVersion = 16.0.34031.81
MinimumVisualStudioVersion = 10.0.40219.1
Project("{8BC9CEB8-8B4A-11D0-8D11-00A0C91BC942}") = "Chapter13_01", "Chapter13_01\Chapter13_01.vcxproj", "{5A402A41-A0A2-45E7-8947-0FFB1DACA067}"
EndProject
Project("{8BC9CEB8-8B4A-11D0-8D11-00A0C91BC942}") = "Chapter13_02", "Chapter13_02\Chapter13_02.vcxproj", "{966A9F17-9C6A-4FC4-8E53-1E6B377EAF52}"
EndProject
Project("{8BC9CEB8-8B4A-11D0-8D11-00A0C91BC942}") = "Chapter13_03", "Chapter13_03\Chapter13_03.vcxproj", "{4DCAD35F-50E0-444E-BE20-1DF3DB4AFC54}"
EndProject
Project("{8BC9CEB8-8B4A-11D0-8D11-00A0C91BC942}") = "Chapter13_04", "Chapter13_04\Chapter13_04.vcxproj", "{1E03D067-6012-4E9F-B0AE-F9D4FE129C45}"
EndProject
Project("{8BC9CEB8-8B4A-11D0-8D11-00A0C91BC942}") = "Chapter13_05", "Chapter13_05\Chapter13_05.vcxproj", "{0FC02153-BEB9-4421-B47B-C3C3EF7317B1}"
EndProject
Project("{8BC9CEB8-8B4A-11D0-8D11-00A0C91BC942}") = "Chapter13_06", "Chapter13_06\Chapter13_06.vcxproj", "{997536C7-4FB2-410C-BF99-803EB9837276}"
EndProject
Project("{8BC9CEB8-8B4A-11D0-8D11-00A0C91BC942}") = "Chapter13_07", "Chapter13_07\Chapter13_07.vcxproj", "{C1B38E8E-E7FB-41AB-A7C3-3DB051E198A3}"
EndProject
Project("{8BC9CEB8-8B4A-11D0-8D11-00A0C91BC942}") = "Chapter13_08", "Chapter13_08\Chapter13_08.vcxproj", "{6DA5E63F-BE05-4D74-BE1C-CD2C5FC88C17}"
EndProject
Global
	GlobalSection(SolutionConfigurationPlatforms) = preSolution
		Debug|x64 = Debug|x64
		Debug|x86 = Debug|x86
		Release|x64 = Release|x64
		Release|x86 = Release|x86
	EndGlobalSection
	GlobalSection(ProjectConfigurationPlatforms) = postSolution
		{5A402A41-A0A2-45E7-8947-0FFB1DACA067}.Debug|x64.ActiveCfg = Debug|x64
		{5A402A41-A0A2-45E7-8947-0FFB1DACA067}.Debug|x64.Build.0 = Debug|x64
		{5A402A41-A0A2-45E7-8947-0FFB1DACA067}.Debug|x86.ActiveCfg = Debug|Win32
		{5A402A41-A0A2-45E7-8947-0FFB1DACA067}.Debug|x86.Build.0 = Debug|Win32
		{5A402A41-A0A2-45E7-8947-0FFB1DACA067}.Release|x64.ActiveCfg = Release|x64
		{5A402A41-A0A2-45E7-8947-0FFB1DACA067}.Release|x64.Build.0 = Release|x64
		{5A402A41-A0A2-45E7-8947-0FFB1DACA067}.Release|x86.ActiveCfg = Release|Win32
		{5A402A41-A0A2-45E7-8947-0FFB1DACA067}.Release|x86.Build.0 = Release|Win32
		{966A9F17-9C6A-4FC4-8E53-1E6B377EAF52}.Debug|x64.ActiveCfg = Debug|x64
		{966A9F17-9C6A-4FC4-8E53-1E6B377EAF52}.Debug|x64.Build.0 = Debug|x64
		{966A9F17-9C6A-4FC4-8E53-1E6B377EAF52}.Debug|x86.ActiveCfg = Debug|Win32
		{966A9F17-9C6A-4FC4-8E53-1E6B377EAF52}.Debug|x86.Build.0 = Debug|Win32
		{966A9F17-9C6A-4FC4-8E53-1E6B377EAF52}.Release|x64.ActiveCfg = Release|x64
		{966A9F17-9C6A-4FC4-8E53-1E6B377EAF52}.Release|x64.Build.0 = Release|x64
		{966A9F17-9C6A-4FC4-8E53-1E6B377EAF52}.Release|x86.ActiveCfg = Release|Win32
		{966A9F17-9C6A-4FC4-8E53-1E6B377EAF52}.Release|x86.Build.0 = Release|Win32
		{4DCAD35F-50E0-444E-BE20-1DF3DB4AFC54}.Debug|x64.ActiveCfg = Debug|x64
		{4DCAD35F-50E0-444E-BE20-1DF3DB4AFC54}.Debug|x64.Build.0 = Debug|x64
		{4DCAD35F-50E0-444E-BE20-1DF3DB4AFC54}.Debug|x86.ActiveCfg = Debug|Win32
		{4DCAD35F-50E0-444E-BE20-1DF3DB4AFC54}.Debug|x86.Build.0 = Debug|Win32
		{4DCAD35F-50E0-444E-BE20-1DF3DB4AFC54}.Release|x64.ActiveCfg = Release|x64
		{4DCAD35F-50E0-444E-BE20-1DF3DB4AFC54}.Release|x64.Build.0 = Release|x64
		{4DCAD35F-50E0-444E-BE20-1DF3DB4AFC54}.Release|x86.ActiveCfg = Release|Win32
		{4DCAD35F-50E0-444E-BE20-1DF3DB4AFC54}.Release|x86.Build.0 = Release|Win32
		{1E03D067-6012-4E9F-B0AE-F9D4FE129C45}.Debug|x64.ActiveCfg = Debug|x64
		{1E03D067-6012-4E9F-B0AE-F9D4FE129C45}.Debug|x64.Build.0 = Debug|x64
		{1E03D067-6012-4E9F-B0AE-F9D4FE129C45}.Debug|x86.ActiveCfg = Debug|Win32
		{1E03D067-6012-4E9F-B0AE-F9D4FE129C45}.Debug|x86.Build.0 = Debug|Win32
		{1E03D067-6012-4E9F-B0AE-F9D4FE129C45}.Release|x64.ActiveCfg = Release|x64
		{1E03D067-6012-4E9F-B0AE-F9D4FE129C45}.Release|x64.Build.0 = Release|x64
		{1E03D067-6012-4E9F-B0AE-F9D4FE129C45}.Release|x86.ActiveCfg = Release|Win32
		{1E03D067-6012-4E9F-B0AE-F9D4FE129C45}.Release|x86.Build.0 = Release|Win32
		{0FC02153-BEB9-4421-B47B-C3C3EF7317B1}.Debug|x64.ActiveCfg = Debug|x64
		{0FC02153-BEB9-4421-B47B-C3C3EF7317B1}.Debug|x64.Build.0 = Debug|x64
		{0FC02153-BEB9-4421-B47B-C3C3EF7317B1}.Debug|x86.ActiveCfg = Debug|Win32
		{0FC02153-BEB9-4421-B47B-C3C3EF7317B1}.Debug|x86.Build.0 = Debug|Win32
		{0FC02153-BEB9-4421-B47B-C3C3EF7317B1}.Release|x64.ActiveCfg = Release|x64
		{0FC02153-BEB9-4421-B47B-C3C3EF7317B1}.Release|x64.Build.0 = Release|x64
		{0FC02153-BEB9-4421-B47B-C3C3EF7317B1}.Release|x86.ActiveCfg = Release|Win32
		{0FC02153-BEB9-4421-B47B-C3C3EF7317B1}.Release|x86.Build.0 = Release|Win32
		{997536C7-4FB2-410C-BF99-803EB9837276}.Debug|x64.ActiveCfg = Debug|x64
		{997536C7-4FB2-410C-BF99-803EB9837276}.Debug|x64.Build.0 = Debug|x64
		{997536C7-4FB2-410C-BF99-803EB9837276}.Debug|x86.ActiveCfg = Debug|Win32
		{997536C7-4FB2-410C-BF99-803EB9837276}.Debug|x86.Build.0 = Debug|Win32
		{997536C7-4FB2-410C-BF99-803EB9837276}.Release|x64.ActiveCfg = Release|x64
		{997536C7-4FB2-410C-BF99-803EB9837276}.Release|x64.Build.0 = Release|x64
		{997536C7-4FB2-410C-BF99-803EB9837276}.Release|x86.ActiveCfg = Release|Win32
		{997536C7-4FB2-410C-BF99-803EB9837276}.Release|x86.Build.0 = Release|Win32
		{C1B38E8E-E7FB-41AB-A7C3-3DB051E198A3}.Debug|x64.ActiveCfg = Debug|x64
		{C1B38E8E-E7FB-41AB-A7C3-3DB051E198A3}.Debug|x64.Build.0 = Debug|x64
		{C1B38E8E-E7FB-41AB-A7C3-3DB051E198A3}.Debug|x86.ActiveCfg = Debug|Win32
		{C1B38E8E-E7FB-41AB-A7C3-3DB051E198A3}.Debug|x86.Build.0 = Debug|Win32
		{C1B38E8E-E7FB-41AB-A7C3-3DB051E198A3}.Release|x64.ActiveCfg = Release|x64
		{C1B38E8E-E7FB-41AB-A7C3-3DB051E198A3}.Release|x64.Build.0 = Release|x64
		{C1B38E8E-E7FB-41AB-A7C3-3DB051E198A3}.Release|x86.ActiveCfg = Release|Win32
		{C1B38E8E-E7FB-41AB-A7C3-3DB051E198A3}.Release|x86.Build.0 = Release|Win32
		{6DA5E63F-BE05-4D74-BE1C-CD2C5FC88C17}.Debug|x64.ActiveCfg = Debug|x64
		{6DA5E63F-BE05-4D74-BE1C-CD2C5FC88C17}.Debug|x64.Build.0 = Debug|x64
		{6DA5E63F-BE05-4D74-BE1C-CD2C5FC88C17}.Debug|x86.ActiveCfg = Debug|Win32
		{6DA5E63F-BE05-4D74-BE1C-CD2C5FC88C17}.Debug|x86.Build.0 = Debug|Win32
		{6DA5E63F-BE05-4D74-BE1C-CD2C5FC88C17}.Release|x64.ActiveCfg = Release|x64
		{6DA5E63F-BE05-4D74-BE1C-CD2C5FC88C17}.Release|x64.Build.0 = Release|x64
		{6DA5E63F-BE05-4D74-BE1C-CD2C5FC88C17}.Release|x86.ActiveCfg = Release|Win32
		{6DA5E63F-BE05-4D74-BE1C-CD2C5FC88C17}.Release|x86.Build.0 = Release|Win32
	EndGlobalSection
	GlobalSection(SolutionProperties) = preSolution
		HideSolutionNode = FALSE
	EndGlobalSection
	GlobalSection(ExtensibilityGlobals) = postSolution
		SolutionGuid = {97324D5F-4038-4250-9223-130840ADA8BC}
	EndGlobalSection
EndGlobal
