
Microsoft Visual Studio Solution File, Format Version 12.00
# Visual Studio Version 16
VisualStudioVersion = 16.0.34031.81
MinimumVisualStudioVersion = 10.0.40219.1
Project("{8BC9CEB8-8B4A-11D0-8D11-00A0C91BC942}") = "Chapter11_01", "Chapter11_01\Chapter11_01.vcxproj", "{848AF617-1BA0-4C56-B08D-0396845CD0B8}"
EndProject
Project("{8BC9CEB8-8B4A-11D0-8D11-00A0C91BC942}") = "Chapter11_02", "Chapter11_02\Chapter11_02.vcxproj", "{C6ED35E0-5F5A-4335-AA8B-CF0E6CDA3159}"
EndProject
Project("{8BC9CEB8-8B4A-11D0-8D11-00A0C91BC942}") = "Chapter11_03", "Chapter11_03\Chapter11_03.vcxproj", "{1EEC465D-E16B-4B05-9EC3-B3EF0BE5A36F}"
EndProject
Project("{8BC9CEB8-8B4A-11D0-8D11-00A0C91BC942}") = "Chapter11_04", "Chapter11_04\Chapter11_04.vcxproj", "{1F5DEE54-AB7B-41D6-B701-454F4D8C6387}"
EndProject
Project("{8BC9CEB8-8B4A-11D0-8D11-00A0C91BC942}") = "Chapter11_05", "Chapter11_05\Chapter11_05.vcxproj", "{1333D4BD-4E37-4EEE-A23E-812D1318324E}"
EndProject
Project("{8BC9CEB8-8B4A-11D0-8D11-00A0C91BC942}") = "Chapter11_06", "Chapter11_06\Chapter11_06.vcxproj", "{D248239D-7BCD-419E-9607-EBB421227D7F}"
EndProject
Global
	GlobalSection(SolutionConfigurationPlatforms) = preSolution
		Debug|x64 = Debug|x64
		Debug|x86 = Debug|x86
		Release|x64 = Release|x64
		Release|x86 = Release|x86
	EndGlobalSection
	GlobalSection(ProjectConfigurationPlatforms) = postSolution
		{848AF617-1BA0-4C56-B08D-0396845CD0B8}.Debug|x64.ActiveCfg = Debug|x64
		{848AF617-1BA0-4C56-B08D-0396845CD0B8}.Debug|x64.Build.0 = Debug|x64
		{848AF617-1BA0-4C56-B08D-0396845CD0B8}.Debug|x86.ActiveCfg = Debug|Win32
		{848AF617-1BA0-4C56-B08D-0396845CD0B8}.Debug|x86.Build.0 = Debug|Win32
		{848AF617-1BA0-4C56-B08D-0396845CD0B8}.Release|x64.ActiveCfg = Release|x64
		{848AF617-1BA0-4C56-B08D-0396845CD0B8}.Release|x64.Build.0 = Release|x64
		{848AF617-1BA0-4C56-B08D-0396845CD0B8}.Release|x86.ActiveCfg = Release|Win32
		{848AF617-1BA0-4C56-B08D-0396845CD0B8}.Release|x86.Build.0 = Release|Win32
		{C6ED35E0-5F5A-4335-AA8B-CF0E6CDA3159}.Debug|x64.ActiveCfg = Debug|x64
		{C6ED35E0-5F5A-4335-AA8B-CF0E6CDA3159}.Debug|x64.Build.0 = Debug|x64
		{C6ED35E0-5F5A-4335-AA8B-CF0E6CDA3159}.Debug|x86.ActiveCfg = Debug|Win32
		{C6ED35E0-5F5A-4335-AA8B-CF0E6CDA3159}.Debug|x86.Build.0 = Debug|Win32
		{C6ED35E0-5F5A-4335-AA8B-CF0E6CDA3159}.Release|x64.ActiveCfg = Release|x64
		{C6ED35E0-5F5A-4335-AA8B-CF0E6CDA3159}.Release|x64.Build.0 = Release|x64
		{C6ED35E0-5F5A-4335-AA8B-CF0E6CDA3159}.Release|x86.ActiveCfg = Release|Win32
		{C6ED35E0-5F5A-4335-AA8B-CF0E6CDA3159}.Release|x86.Build.0 = Release|Win32
		{1EEC465D-E16B-4B05-9EC3-B3EF0BE5A36F}.Debug|x64.ActiveCfg = Debug|x64
		{1EEC465D-E16B-4B05-9EC3-B3EF0BE5A36F}.Debug|x64.Build.0 = Debug|x64
		{1EEC465D-E16B-4B05-9EC3-B3EF0BE5A36F}.Debug|x86.ActiveCfg = Debug|Win32
		{1EEC465D-E16B-4B05-9EC3-B3EF0BE5A36F}.Debug|x86.Build.0 = Debug|Win32
		{1EEC465D-E16B-4B05-9EC3-B3EF0BE5A36F}.Release|x64.ActiveCfg = Release|x64
		{1EEC465D-E16B-4B05-9EC3-B3EF0BE5A36F}.Release|x64.Build.0 = Release|x64
		{1EEC465D-E16B-4B05-9EC3-B3EF0BE5A36F}.Release|x86.ActiveCfg = Release|Win32
		{1EEC465D-E16B-4B05-9EC3-B3EF0BE5A36F}.Release|x86.Build.0 = Release|Win32
		{1F5DEE54-AB7B-41D6-B701-454F4D8C6387}.Debug|x64.ActiveCfg = Debug|x64
		{1F5DEE54-AB7B-41D6-B701-454F4D8C6387}.Debug|x64.Build.0 = Debug|x64
		{1F5DEE54-AB7B-41D6-B701-454F4D8C6387}.Debug|x86.ActiveCfg = Debug|Win32
		{1F5DEE54-AB7B-41D6-B701-454F4D8C6387}.Debug|x86.Build.0 = Debug|Win32
		{1F5DEE54-AB7B-41D6-B701-454F4D8C6387}.Release|x64.ActiveCfg = Release|x64
		{1F5DEE54-AB7B-41D6-B701-454F4D8C6387}.Release|x64.Build.0 = Release|x64
		{1F5DEE54-AB7B-41D6-B701-454F4D8C6387}.Release|x86.ActiveCfg = Release|Win32
		{1F5DEE54-AB7B-41D6-B701-454F4D8C6387}.Release|x86.Build.0 = Release|Win32
		{1333D4BD-4E37-4EEE-A23E-812D1318324E}.Debug|x64.ActiveCfg = Debug|x64
		{1333D4BD-4E37-4EEE-A23E-812D1318324E}.Debug|x64.Build.0 = Debug|x64
		{1333D4BD-4E37-4EEE-A23E-812D1318324E}.Debug|x86.ActiveCfg = Debug|Win32
		{1333D4BD-4E37-4EEE-A23E-812D1318324E}.Debug|x86.Build.0 = Debug|Win32
		{1333D4BD-4E37-4EEE-A23E-812D1318324E}.Release|x64.ActiveCfg = Release|x64
		{1333D4BD-4E37-4EEE-A23E-812D1318324E}.Release|x64.Build.0 = Release|x64
		{1333D4BD-4E37-4EEE-A23E-812D1318324E}.Release|x86.ActiveCfg = Release|Win32
		{1333D4BD-4E37-4EEE-A23E-812D1318324E}.Release|x86.Build.0 = Release|Win32
		{D248239D-7BCD-419E-9607-EBB421227D7F}.Debug|x64.ActiveCfg = Debug|x64
		{D248239D-7BCD-419E-9607-EBB421227D7F}.Debug|x64.Build.0 = Debug|x64
		{D248239D-7BCD-419E-9607-EBB421227D7F}.Debug|x86.ActiveCfg = Debug|Win32
		{D248239D-7BCD-419E-9607-EBB421227D7F}.Debug|x86.Build.0 = Debug|Win32
		{D248239D-7BCD-419E-9607-EBB421227D7F}.Release|x64.ActiveCfg = Release|x64
		{D248239D-7BCD-419E-9607-EBB421227D7F}.Release|x64.Build.0 = Release|x64
		{D248239D-7BCD-419E-9607-EBB421227D7F}.Release|x86.ActiveCfg = Release|Win32
		{D248239D-7BCD-419E-9607-EBB421227D7F}.Release|x86.Build.0 = Release|Win32
	EndGlobalSection
	GlobalSection(SolutionProperties) = preSolution
		HideSolutionNode = FALSE
	EndGlobalSection
	GlobalSection(ExtensibilityGlobals) = postSolution
		SolutionGuid = {B38F7894-4D08-476A-9D8C-40331EE09DAB}
	EndGlobalSection
EndGlobal
